// !$*UTF8*$!
{
	archiveVersion = 1;
	classes = {
	};
	objectVersion = 46;
	objects = {

/* Begin PBXBuildFile section */
		8B31F1E81949E12B0069627D /* UIKit.framework in Frameworks */ = {isa = PBXBuildFile; fileRef = 8B31F1E71949E12B0069627D /* UIKit.framework */; };
		8B31F1EA1949E12B0069627D /* Foundation.framework in Frameworks */ = {isa = PBXBuildFile; fileRef = 8B31F1E91949E12B0069627D /* Foundation.framework */; };
		8B31F1EC1949E12B0069627D /* CoreGraphics.framework in Frameworks */ = {isa = PBXBuildFile; fileRef = 8B31F1EB1949E12B0069627D /* CoreGraphics.framework */; };
		8B31F1F21949E12B0069627D /* InfoPlist.strings in Resources */ = {isa = PBXBuildFile; fileRef = 8B31F1F01949E12B0069627D /* InfoPlist.strings */; };
		8B31F1F41949E12B0069627D /* main.m in Sources */ = {isa = PBXBuildFile; fileRef = 8B31F1F31949E12B0069627D /* main.m */; };
		8B31F1F81949E12B0069627D /* fbAppDelegate.m in Sources */ = {isa = PBXBuildFile; fileRef = 8B31F1F71949E12B0069627D /* fbAppDelegate.m */; };
		8B31F1FA1949E12B0069627D /* Default.png in Resources */ = {isa = PBXBuildFile; fileRef = 8B31F1F91949E12B0069627D /* Default.png */; };
		8B31F1FC1949E12B0069627D /* Default@2x.png in Resources */ = {isa = PBXBuildFile; fileRef = 8B31F1FB1949E12B0069627D /* Default@2x.png */; };
		8B31F1FE1949E12B0069627D /* Default-568h@2x.png in Resources */ = {isa = PBXBuildFile; fileRef = 8B31F1FD1949E12B0069627D /* Default-568h@2x.png */; };
		8B31F2011949E12B0069627D /* fbViewController.m in Sources */ = {isa = PBXBuildFile; fileRef = 8B31F2001949E12B0069627D /* fbViewController.m */; };
		8B31F2041949E12B0069627D /* fbViewController.xib in Resources */ = {isa = PBXBuildFile; fileRef = 8B31F2021949E12B0069627D /* fbViewController.xib */; };
/* End PBXBuildFile section */

/* Begin PBXFileReference section */
		8B31F1E41949E12B0069627D /* fb.app */ = {isa = PBXFileReference; explicitFileType = wrapper.application; includeInIndex = 0; path = fb.app; sourceTree = BUILT_PRODUCTS_DIR; };
		8B31F1E71949E12B0069627D /* UIKit.framework */ = {isa = PBXFileReference; lastKnownFileType = wrapper.framework; name = UIKit.framework; path = System/Library/Frameworks/UIKit.framework; sourceTree = SDKROOT; };
		8B31F1E91949E12B0069627D /* Foundation.framework */ = {isa = PBXFileReference; lastKnownFileType = wrapper.framework; name = Foundation.framework; path = System/Library/Frameworks/Foundation.framework; sourceTree = SDKROOT; };
		8B31F1EB1949E12B0069627D /* CoreGraphics.framework */ = {isa = PBXFileReference; lastKnownFileType = wrapper.framework; name = CoreGraphics.framework; path = System/Library/Frameworks/CoreGraphics.framework; sourceTree = SDKROOT; };
		8B31F1EF1949E12B0069627D /* fb-Info.plist */ = {isa = PBXFileReference; lastKnownFileType = text.plist.xml; path = "fb-Info.plist"; sourceTree = "<group>"; };
		8B31F1F11949E12B0069627D /* en */ = {isa = PBXFileReference; lastKnownFileType = text.plist.strings; name = en; path = en.lproj/InfoPlist.strings; sourceTree = "<group>"; };
		8B31F1F31949E12B0069627D /* main.m */ = {isa = PBXFileReference; lastKnownFileType = sourcecode.c.objc; path = main.m; sourceTree = "<group>"; };
		8B31F1F51949E12B0069627D /* fb-Prefix.pch */ = {isa = PBXFileReference; lastKnownFileType = sourcecode.c.h; path = "fb-Prefix.pch"; sourceTree = "<group>"; };
		8B31F1F61949E12B0069627D /* fbAppDelegate.h */ = {isa = PBXFileReference; lastKnownFileType = sourcecode.c.h; path = fbAppDelegate.h; sourceTree = "<group>"; };
		8B31F1F71949E12B0069627D /* fbAppDelegate.m */ = {isa = PBXFileReference; lastKnownFileType = sourcecode.c.objc; path = fbAppDelegate.m; sourceTree = "<group>"; };
		8B31F1F91949E12B0069627D /* Default.png */ = {isa = PBXFileReference; lastKnownFileType = image.png; path = Default.png; sourceTree = "<group>"; };
		8B31F1FB1949E12B0069627D /* Default@2x.png */ = {isa = PBXFileReference; lastKnownFileType = image.png; path = "Default@2x.png"; sourceTree = "<group>"; };
		8B31F1FD1949E12B0069627D /* Default-568h@2x.png */ = {isa = PBXFileReference; lastKnownFileType = image.png; path = "Default-568h@2x.png"; sourceTree = "<group>"; };
		8B31F1FF1949E12B0069627D /* fbViewController.h */ = {isa = PBXFileReference; lastKnownFileType = sourcecode.c.h; path = fbViewController.h; sourceTree = "<group>"; };
		8B31F2001949E12B0069627D /* fbViewController.m */ = {isa = PBXFileReference; lastKnownFileType = sourcecode.c.objc; path = fbViewController.m; sourceTree = "<group>"; };
		8B31F2031949E12B0069627D /* en */ = {isa = PBXFileReference; lastKnownFileType = file.xib; name = en; path = en.lproj/fbViewController.xib; sourceTree = "<group>"; };
		8B31F20A1949E2630069627D /* facebook-ios-sdk-3.14.1.pkg.part */ = {isa = PBXFileReference; lastKnownFileType = file; path = "facebook-ios-sdk-3.14.1.pkg.part"; sourceTree = "<group>"; };
/* End PBXFileReference section */

/* Begin PBXFrameworksBuildPhase section */
		8B31F1E11949E12B0069627D /* Frameworks */ = {
			isa = PBXFrameworksBuildPhase;
			buildActionMask = 2147483647;
			files = (
				8B31F1E81949E12B0069627D /* UIKit.framework in Frameworks */,
				8B31F1EA1949E12B0069627D /* Foundation.framework in Frameworks */,
				8B31F1EC1949E12B0069627D /* CoreGraphics.framework in Frameworks */,
			);
			runOnlyForDeploymentPostprocessing = 0;
		};
/* End PBXFrameworksBuildPhase section */

/* Begin PBXGroup section */
		8B31F1DB1949E12B0069627D = {
			isa = PBXGroup;
			children = (
				8B31F1ED1949E12B0069627D /* fb */,
				8B31F1E61949E12B0069627D /* Frameworks */,
				8B31F1E51949E12B0069627D /* Products */,
			);
			sourceTree = "<group>";
		};
		8B31F1E51949E12B0069627D /* Products */ = {
			isa = PBXGroup;
			children = (
				8B31F1E41949E12B0069627D /* fb.app */,
			);
			name = Products;
			sourceTree = "<group>";
		};
		8B31F1E61949E12B0069627D /* Frameworks */ = {
			isa = PBXGroup;
			children = (
				8B31F20A1949E2630069627D /* facebook-ios-sdk-3.14.1.pkg.part */,
				8B31F1E71949E12B0069627D /* UIKit.framework */,
				8B31F1E91949E12B0069627D /* Foundation.framework */,
				8B31F1EB1949E12B0069627D /* CoreGraphics.framework */,
			);
			name = Frameworks;
			sourceTree = "<group>";
		};
		8B31F1ED1949E12B0069627D /* fb */ = {
			isa = PBXGroup;
			children = (
				8B31F1F61949E12B0069627D /* fbAppDelegate.h */,
				8B31F1F71949E12B0069627D /* fbAppDelegate.m */,
				8B31F1FF1949E12B0069627D /* fbViewController.h */,
				8B31F2001949E12B0069627D /* fbViewController.m */,
				8B31F2021949E12B0069627D /* fbViewController.xib */,
				8B31F1EE1949E12B0069627D /* Supporting Files */,
			);
			path = fb;
			sourceTree = "<group>";
		};
		8B31F1EE1949E12B0069627D /* Supporting Files */ = {
			isa = PBXGroup;
			children = (
				8B31F1EF1949E12B0069627D /* fb-Info.plist */,
				8B31F1F01949E12B0069627D /* InfoPlist.strings */,
				8B31F1F31949E12B0069627D /* main.m */,
				8B31F1F51949E12B0069627D /* fb-Prefix.pch */,
				8B31F1F91949E12B0069627D /* Default.png */,
				8B31F1FB1949E12B0069627D /* Default@2x.png */,
				8B31F1FD1949E12B0069627D /* Default-568h@2x.png */,
			);
			name = "Supporting Files";
			sourceTree = "<group>";
		};
/* End PBXGroup section */

/* Begin PBXNativeTarget section */
		8B31F1E31949E12B0069627D /* fb */ = {
			isa = PBXNativeTarget;
			buildConfigurationList = 8B31F2071949E12B0069627D /* Build configuration list for PBXNativeTarget "fb" */;
			buildPhases = (
				8B31F1E01949E12B0069627D /* Sources */,
				8B31F1E11949E12B0069627D /* Frameworks */,
				8B31F1E21949E12B0069627D /* Resources */,
			);
			buildRules = (
			);
			dependencies = (
			);
			name = fb;
			productName = fb;
			productReference = 8B31F1E41949E12B0069627D /* fb.app */;
			productType = "com.apple.product-type.application";
		};
/* End PBXNativeTarget section */

/* Begin PBXProject section */
		8B31F1DC1949E12B0069627D /* Project object */ = {
			isa = PBXProject;
			attributes = {
				CLASSPREFIX = fb;
				LastUpgradeCheck = 0460;
				ORGANIZATIONNAME = Developer;
			};
			buildConfigurationList = 8B31F1DF1949E12B0069627D /* Build configuration list for PBXProject "fb" */;
			compatibilityVersion = "Xcode 3.2";
			developmentRegion = English;
			hasScannedForEncodings = 0;
			knownRegions = (
				en,
			);
			mainGroup = 8B31F1DB1949E12B0069627D;
			productRefGroup = 8B31F1E51949E12B0069627D /* Products */;
			projectDirPath = "";
			projectRoot = "";
			targets = (
				8B31F1E31949E12B0069627D /* fb */,
			);
		};
/* End PBXProject section */

/* Begin PBXResourcesBuildPhase section */
		8B31F1E21949E12B0069627D /* Resources */ = {
			isa = PBXResourcesBuildPhase;
			buildActionMask = 2147483647;
			files = (
				8B31F1F21949E12B0069627D /* InfoPlist.strings in Resources */,
				8B31F1FA1949E12B0069627D /* Default.png in Resources */,
				8B31F1FC1949E12B0069627D /* Default@2x.png in Resources */,
				8B31F1FE1949E12B0069627D /* Default-568h@2x.png in Resources */,
				8B31F2041949E12B0069627D /* fbViewController.xib in Resources */,
			);
			runOnlyForDeploymentPostprocessing = 0;
		};
/* End PBXResourcesBuildPhase section */

/* Begin PBXSourcesBuildPhase section */
		8B31F1E01949E12B0069627D /* Sources */ = {
			isa = PBXSourcesBuildPhase;
			buildActionMask = 2147483647;
			files = (
				8B31F1F41949E12B0069627D /* main.m in Sources */,
				8B31F1F81949E12B0069627D /* fbAppDelegate.m in Sources */,
				8B31F2011949E12B0069627D /* fbViewController.m in Sources */,
			);
			runOnlyForDeploymentPostprocessing = 0;
		};
/* End PBXSourcesBuildPhase section */

/* Begin PBXVariantGroup section */
		8B31F1F01949E12B0069627D /* InfoPlist.strings */ = {
			isa = PBXVariantGroup;
			children = (
				8B31F1F11949E12B0069627D /* en */,
			);
			name = InfoPlist.strings;
			sourceTree = "<group>";
		};
		8B31F2021949E12B0069627D /* fbViewController.xib */ = {
			isa = PBXVariantGroup;
			children = (
				8B31F2031949E12B0069627D /* en */,
			);
			name = fbViewController.xib;
			sourceTree = "<group>";
		};
/* End PBXVariantGroup section */

/* Begin XCBuildConfiguration section */
		8B31F2051949E12B0069627D /* Debug */ = {
			isa = XCBuildConfiguration;
			buildSettings = {
				ALWAYS_SEARCH_USER_PATHS = NO;
				CLANG_CXX_LANGUAGE_STANDARD = "gnu++0x";
				CLANG_CXX_LIBRARY = "libc++";
				CLANG_WARN_CONSTANT_CONVERSION = YES;
				CLANG_WARN_EMPTY_BODY = YES;
				CLANG_WARN_ENUM_CONVERSION = YES;
				CLANG_WARN_INT_CONVERSION = YES;
				CLANG_WARN__DUPLICATE_METHOD_MATCH = YES;
				"CODE_SIGN_IDENTITY[sdk=iphoneos*]" = "iPhone Developer";
				COPY_PHASE_STRIP = NO;
				GCC_C_LANGUAGE_STANDARD = gnu99;
				GCC_DYNAMIC_NO_PIC = NO;
				GCC_OPTIMIZATION_LEVEL = 0;
				GCC_PREPROCESSOR_DEFINITIONS = (
					"DEBUG=1",
					"$(inherited)",
				);
				GCC_SYMBOLS_PRIVATE_EXTERN = NO;
				GCC_WARN_ABOUT_RETURN_TYPE = YES;
				GCC_WARN_UNINITIALIZED_AUTOS = YES;
				GCC_WARN_UNUSED_VARIABLE = YES;
				IPHONEOS_DEPLOYMENT_TARGET = 6.1;
				ONLY_ACTIVE_ARCH = YES;
				SDKROOT = iphoneos;
			};
			name = Debug;
		};
		8B31F2061949E12B0069627D /* Release */ = {
			isa = XCBuildConfiguration;
			buildSettings = {
				ALWAYS_SEARCH_USER_PATHS = NO;
				CLANG_CXX_LANGUAGE_STANDARD = "gnu++0x";
				CLANG_CXX_LIBRARY = "libc++";
				CLANG_WARN_CONSTANT_CONVERSION = YES;
				CLANG_WARN_EMPTY_BODY = YES;
				CLANG_WARN_ENUM_CONVERSION = YES;
				CLANG_WARN_INT_CONVERSION = YES;
				CLANG_WARN__DUPLICATE_METHOD_MATCH = YES;
				"CODE_SIGN_IDENTITY[sdk=iphoneos*]" = "iPhone Developer";
				COPY_PHASE_STRIP = YES;
				GCC_C_LANGUAGE_STANDARD = gnu99;
				GCC_WARN_ABOUT_RETURN_TYPE = YES;
				GCC_WARN_UNINITIALIZED_AUTOS = YES;
				GCC_WARN_UNUSED_VARIABLE = YES;
				IPHONEOS_DEPLOYMENT_TARGET = 6.1;
				OTHER_CFLAGS = "-DNS_BLOCK_ASSERTIONS=1";
				SDKROOT = iphoneos;
				VALIDATE_PRODUCT = YES;
			};
			name = Release;
		};
		8B31F2081949E12B0069627D /* Debug */ = {
			isa = XCBuildConfiguration;
			buildSettings = {
				GCC_PRECOMPILE_PREFIX_HEADER = YES;
				GCC_PREFIX_HEADER = "fb/fb-Prefix.pch";
				INFOPLIST_FILE = "fb/fb-Info.plist";
				PRODUCT_NAME = "$(TARGET_NAME)";
				WRAPPER_EXTENSION = app;
			};
			name = Debug;
		};
		8B31F2091949E12B0069627D /* Release */ = {
			isa = XCBuildConfiguration;
			buildSettings = {
				GCC_PRECOMPILE_PREFIX_HEADER = YES;
				GCC_PREFIX_HEADER = "fb/fb-Prefix.pch";
				INFOPLIST_FILE = "fb/fb-Info.plist";
				PRODUCT_NAME = "$(TARGET_NAME)";
				WRAPPER_EXTENSION = app;
			};
			name = Release;
		};
/* End XCBuildConfiguration section */

/* Begin XCConfigurationList section */
		8B31F1DF1949E12B0069627D /* Build configuration list for PBXProject "fb" */ = {
			isa = XCConfigurationList;
			buildConfigurations = (
				8B31F2051949E12B0069627D /* Debug */,
				8B31F2061949E12B0069627D /* Release */,
			);
			defaultConfigurationIsVisible = 0;
			defaultConfigurationName = Release;
		};
		8B31F2071949E12B0069627D /* Build configuration list for PBXNativeTarget "fb" */ = {
			isa = XCConfigurationList;
			buildConfigurations = (
				8B31F2081949E12B0069627D /* Debug */,
				8B31F2091949E12B0069627D /* Release */,
			);
			defaultConfigurationIsVisible = 0;
		};
/* End XCConfigurationList section */
	};
	rootObject = 8B31F1DC1949E12B0069627D /* Project object */;
}
