// !$*UTF8*$!
{
	archiveVersion = 1;
	classes = {
	};
	objectVersion = 46;
	objects = {

/* Begin PBXBuildFile section */
		8BC4D915194C4CC5009E56D7 /* UIKit.framework in Frameworks */ = {isa = PBXBuildFile; fileRef = 8BC4D914194C4CC5009E56D7 /* UIKit.framework */; };
		8BC4D917194C4CC5009E56D7 /* Foundation.framework in Frameworks */ = {isa = PBXBuildFile; fileRef = 8BC4D916194C4CC5009E56D7 /* Foundation.framework */; };
		8BC4D919194C4CC5009E56D7 /* CoreGraphics.framework in Frameworks */ = {isa = PBXBuildFile; fileRef = 8BC4D918194C4CC5009E56D7 /* CoreGraphics.framework */; };
		8BC4D91F194C4CC6009E56D7 /* InfoPlist.strings in Resources */ = {isa = PBXBuildFile; fileRef = 8BC4D91D194C4CC6009E56D7 /* InfoPlist.strings */; };
		8BC4D921194C4CC6009E56D7 /* main.m in Sources */ = {isa = PBXBuildFile; fileRef = 8BC4D920194C4CC6009E56D7 /* main.m */; };
		8BC4D925194C4CC6009E56D7 /* Task2AppDelegate.m in Sources */ = {isa = PBXBuildFile; fileRef = 8BC4D924194C4CC6009E56D7 /* Task2AppDelegate.m */; };
		8BC4D927194C4CC6009E56D7 /* Default.png in Resources */ = {isa = PBXBuildFile; fileRef = 8BC4D926194C4CC6009E56D7 /* Default.png */; };
		8BC4D929194C4CC6009E56D7 /* Default@2x.png in Resources */ = {isa = PBXBuildFile; fileRef = 8BC4D928194C4CC6009E56D7 /* Default@2x.png */; };
		8BC4D92B194C4CC6009E56D7 /* Default-568h@2x.png in Resources */ = {isa = PBXBuildFile; fileRef = 8BC4D92A194C4CC6009E56D7 /* Default-568h@2x.png */; };
		8BC4D92E194C4CC6009E56D7 /* Task2ViewController.m in Sources */ = {isa = PBXBuildFile; fileRef = 8BC4D92D194C4CC6009E56D7 /* Task2ViewController.m */; };
		8BC4D931194C4CC6009E56D7 /* Task2ViewController.xib in Resources */ = {isa = PBXBuildFile; fileRef = 8BC4D92F194C4CC6009E56D7 /* Task2ViewController.xib */; };
		8BC4D938194C4CD2009E56D7 /* symbol.json in Resources */ = {isa = PBXBuildFile; fileRef = 8BC4D937194C4CD2009E56D7 /* symbol.json */; };
		8BE10681194C503E00876E75 /* CustomObject.m in Sources */ = {isa = PBXBuildFile; fileRef = 8BE10680194C503E00876E75 /* CustomObject.m */; };
/* End PBXBuildFile section */

/* Begin PBXFileReference section */
		8BC4D911194C4CC5009E56D7 /* Task2.app */ = {isa = PBXFileReference; explicitFileType = wrapper.application; includeInIndex = 0; path = Task2.app; sourceTree = BUILT_PRODUCTS_DIR; };
		8BC4D914194C4CC5009E56D7 /* UIKit.framework */ = {isa = PBXFileReference; lastKnownFileType = wrapper.framework; name = UIKit.framework; path = System/Library/Frameworks/UIKit.framework; sourceTree = SDKROOT; };
		8BC4D916194C4CC5009E56D7 /* Foundation.framework */ = {isa = PBXFileReference; lastKnownFileType = wrapper.framework; name = Foundation.framework; path = System/Library/Frameworks/Foundation.framework; sourceTree = SDKROOT; };
		8BC4D918194C4CC5009E56D7 /* CoreGraphics.framework */ = {isa = PBXFileReference; lastKnownFileType = wrapper.framework; name = CoreGraphics.framework; path = System/Library/Frameworks/CoreGraphics.framework; sourceTree = SDKROOT; };
		8BC4D91C194C4CC5009E56D7 /* Task2-Info.plist */ = {isa = PBXFileReference; lastKnownFileType = text.plist.xml; path = "Task2-Info.plist"; sourceTree = "<group>"; };
		8BC4D91E194C4CC6009E56D7 /* en */ = {isa = PBXFileReference; lastKnownFileType = text.plist.strings; name = en; path = en.lproj/InfoPlist.strings; sourceTree = "<group>"; };
		8BC4D920194C4CC6009E56D7 /* main.m */ = {isa = PBXFileReference; lastKnownFileType = sourcecode.c.objc; path = main.m; sourceTree = "<group>"; };
		8BC4D922194C4CC6009E56D7 /* Task2-Prefix.pch */ = {isa = PBXFileReference; lastKnownFileType = sourcecode.c.h; path = "Task2-Prefix.pch"; sourceTree = "<group>"; };
		8BC4D923194C4CC6009E56D7 /* Task2AppDelegate.h */ = {isa = PBXFileReference; lastKnownFileType = sourcecode.c.h; path = Task2AppDelegate.h; sourceTree = "<group>"; };
		8BC4D924194C4CC6009E56D7 /* Task2AppDelegate.m */ = {isa = PBXFileReference; lastKnownFileType = sourcecode.c.objc; path = Task2AppDelegate.m; sourceTree = "<group>"; };
		8BC4D926194C4CC6009E56D7 /* Default.png */ = {isa = PBXFileReference; lastKnownFileType = image.png; path = Default.png; sourceTree = "<group>"; };
		8BC4D928194C4CC6009E56D7 /* Default@2x.png */ = {isa = PBXFileReference; lastKnownFileType = image.png; path = "Default@2x.png"; sourceTree = "<group>"; };
		8BC4D92A194C4CC6009E56D7 /* Default-568h@2x.png */ = {isa = PBXFileReference; lastKnownFileType = image.png; path = "Default-568h@2x.png"; sourceTree = "<group>"; };
		8BC4D92C194C4CC6009E56D7 /* Task2ViewController.h */ = {isa = PBXFileReference; lastKnownFileType = sourcecode.c.h; path = Task2ViewController.h; sourceTree = "<group>"; };
		8BC4D92D194C4CC6009E56D7 /* Task2ViewController.m */ = {isa = PBXFileReference; lastKnownFileType = sourcecode.c.objc; path = Task2ViewController.m; sourceTree = "<group>"; };
		8BC4D930194C4CC6009E56D7 /* en */ = {isa = PBXFileReference; lastKnownFileType = file.xib; name = en; path = en.lproj/Task2ViewController.xib; sourceTree = "<group>"; };
		8BC4D937194C4CD2009E56D7 /* symbol.json */ = {isa = PBXFileReference; fileEncoding = 4; lastKnownFileType = text.json; path = symbol.json; sourceTree = "<group>"; };
		8BE1067F194C503E00876E75 /* CustomObject.h */ = {isa = PBXFileReference; fileEncoding = 4; lastKnownFileType = sourcecode.c.h; path = CustomObject.h; sourceTree = "<group>"; };
		8BE10680194C503E00876E75 /* CustomObject.m */ = {isa = PBXFileReference; fileEncoding = 4; lastKnownFileType = sourcecode.c.objc; path = CustomObject.m; sourceTree = "<group>"; };
/* End PBXFileReference section */

/* Begin PBXFrameworksBuildPhase section */
		8BC4D90E194C4CC5009E56D7 /* Frameworks */ = {
			isa = PBXFrameworksBuildPhase;
			buildActionMask = 2147483647;
			files = (
				8BC4D915194C4CC5009E56D7 /* UIKit.framework in Frameworks */,
				8BC4D917194C4CC5009E56D7 /* Foundation.framework in Frameworks */,
				8BC4D919194C4CC5009E56D7 /* CoreGraphics.framework in Frameworks */,
			);
			runOnlyForDeploymentPostprocessing = 0;
		};
/* End PBXFrameworksBuildPhase section */

/* Begin PBXGroup section */
		8BC4D908194C4CC5009E56D7 = {
			isa = PBXGroup;
			children = (
				8BC4D91A194C4CC5009E56D7 /* Task2 */,
				8BC4D913194C4CC5009E56D7 /* Frameworks */,
				8BC4D912194C4CC5009E56D7 /* Products */,
			);
			sourceTree = "<group>";
		};
		8BC4D912194C4CC5009E56D7 /* Products */ = {
			isa = PBXGroup;
			children = (
				8BC4D911194C4CC5009E56D7 /* Task2.app */,
			);
			name = Products;
			sourceTree = "<group>";
		};
		8BC4D913194C4CC5009E56D7 /* Frameworks */ = {
			isa = PBXGroup;
			children = (
				8BC4D914194C4CC5009E56D7 /* UIKit.framework */,
				8BC4D916194C4CC5009E56D7 /* Foundation.framework */,
				8BC4D918194C4CC5009E56D7 /* CoreGraphics.framework */,
			);
			name = Frameworks;
			sourceTree = "<group>";
		};
		8BC4D91A194C4CC5009E56D7 /* Task2 */ = {
			isa = PBXGroup;
			children = (
				8BC4D923194C4CC6009E56D7 /* Task2AppDelegate.h */,
				8BC4D924194C4CC6009E56D7 /* Task2AppDelegate.m */,
				8BE1067F194C503E00876E75 /* CustomObject.h */,
				8BE10680194C503E00876E75 /* CustomObject.m */,
				8BC4D92C194C4CC6009E56D7 /* Task2ViewController.h */,
				8BC4D92D194C4CC6009E56D7 /* Task2ViewController.m */,
				8BC4D92F194C4CC6009E56D7 /* Task2ViewController.xib */,
				8BC4D91B194C4CC5009E56D7 /* Supporting Files */,
			);
			path = Task2;
			sourceTree = "<group>";
		};
		8BC4D91B194C4CC5009E56D7 /* Supporting Files */ = {
			isa = PBXGroup;
			children = (
				8BC4D937194C4CD2009E56D7 /* symbol.json */,
				8BC4D91C194C4CC5009E56D7 /* Task2-Info.plist */,
				8BC4D91D194C4CC6009E56D7 /* InfoPlist.strings */,
				8BC4D920194C4CC6009E56D7 /* main.m */,
				8BC4D922194C4CC6009E56D7 /* Task2-Prefix.pch */,
				8BC4D926194C4CC6009E56D7 /* Default.png */,
				8BC4D928194C4CC6009E56D7 /* Default@2x.png */,
				8BC4D92A194C4CC6009E56D7 /* Default-568h@2x.png */,
			);
			name = "Supporting Files";
			sourceTree = "<group>";
		};
/* End PBXGroup section */

/* Begin PBXNativeTarget section */
		8BC4D910194C4CC5009E56D7 /* Task2 */ = {
			isa = PBXNativeTarget;
			buildConfigurationList = 8BC4D934194C4CC6009E56D7 /* Build configuration list for PBXNativeTarget "Task2" */;
			buildPhases = (
				8BC4D90D194C4CC5009E56D7 /* Sources */,
				8BC4D90E194C4CC5009E56D7 /* Frameworks */,
				8BC4D90F194C4CC5009E56D7 /* Resources */,
			);
			buildRules = (
			);
			dependencies = (
			);
			name = Task2;
			productName = Task2;
			productReference = 8BC4D911194C4CC5009E56D7 /* Task2.app */;
			productType = "com.apple.product-type.application";
		};
/* End PBXNativeTarget section */

/* Begin PBXProject section */
		8BC4D909194C4CC5009E56D7 /* Project object */ = {
			isa = PBXProject;
			attributes = {
				CLASSPREFIX = Task2;
				LastUpgradeCheck = 0460;
				ORGANIZATIONNAME = Developer;
			};
			buildConfigurationList = 8BC4D90C194C4CC5009E56D7 /* Build configuration list for PBXProject "Task2" */;
			compatibilityVersion = "Xcode 3.2";
			developmentRegion = English;
			hasScannedForEncodings = 0;
			knownRegions = (
				en,
			);
			mainGroup = 8BC4D908194C4CC5009E56D7;
			productRefGroup = 8BC4D912194C4CC5009E56D7 /* Products */;
			projectDirPath = "";
			projectRoot = "";
			targets = (
				8BC4D910194C4CC5009E56D7 /* Task2 */,
			);
		};
/* End PBXProject section */

/* Begin PBXResourcesBuildPhase section */
		8BC4D90F194C4CC5009E56D7 /* Resources */ = {
			isa = PBXResourcesBuildPhase;
			buildActionMask = 2147483647;
			files = (
				8BC4D91F194C4CC6009E56D7 /* InfoPlist.strings in Resources */,
				8BC4D927194C4CC6009E56D7 /* Default.png in Resources */,
				8BC4D929194C4CC6009E56D7 /* Default@2x.png in Resources */,
				8BC4D92B194C4CC6009E56D7 /* Default-568h@2x.png in Resources */,
				8BC4D931194C4CC6009E56D7 /* Task2ViewController.xib in Resources */,
				8BC4D938194C4CD2009E56D7 /* symbol.json in Resources */,
			);
			runOnlyForDeploymentPostprocessing = 0;
		};
/* End PBXResourcesBuildPhase section */

/* Begin PBXSourcesBuildPhase section */
		8BC4D90D194C4CC5009E56D7 /* Sources */ = {
			isa = PBXSourcesBuildPhase;
			buildActionMask = 2147483647;
			files = (
				8BC4D921194C4CC6009E56D7 /* main.m in Sources */,
				8BC4D925194C4CC6009E56D7 /* Task2AppDelegate.m in Sources */,
				8BC4D92E194C4CC6009E56D7 /* Task2ViewController.m in Sources */,
				8BE10681194C503E00876E75 /* CustomObject.m in Sources */,
			);
			runOnlyForDeploymentPostprocessing = 0;
		};
/* End PBXSourcesBuildPhase section */

/* Begin PBXVariantGroup section */
		8BC4D91D194C4CC6009E56D7 /* InfoPlist.strings */ = {
			isa = PBXVariantGroup;
			children = (
				8BC4D91E194C4CC6009E56D7 /* en */,
			);
			name = InfoPlist.strings;
			sourceTree = "<group>";
		};
		8BC4D92F194C4CC6009E56D7 /* Task2ViewController.xib */ = {
			isa = PBXVariantGroup;
			children = (
				8BC4D930194C4CC6009E56D7 /* en */,
			);
			name = Task2ViewController.xib;
			sourceTree = "<group>";
		};
/* End PBXVariantGroup section */

/* Begin XCBuildConfiguration section */
		8BC4D932194C4CC6009E56D7 /* Debug */ = {
			isa = XCBuildConfiguration;
			buildSettings = {
				ALWAYS_SEARCH_USER_PATHS = NO;
				CLANG_CXX_LANGUAGE_STANDARD = "gnu++0x";
				CLANG_CXX_LIBRARY = "libc++";
				CLANG_WARN_CONSTANT_CONVERSION = YES;
				CLANG_WARN_EMPTY_BODY = YES;
				CLANG_WARN_ENUM_CONVERSION = YES;
				CLANG_WARN_INT_CONVERSION = YES;
				CLANG_WARN__DUPLICATE_METHOD_MATCH = YES;
				"CODE_SIGN_IDENTITY[sdk=iphoneos*]" = "iPhone Developer";
				COPY_PHASE_STRIP = NO;
				GCC_C_LANGUAGE_STANDARD = gnu99;
				GCC_DYNAMIC_NO_PIC = NO;
				GCC_OPTIMIZATION_LEVEL = 0;
				GCC_PREPROCESSOR_DEFINITIONS = (
					"DEBUG=1",
					"$(inherited)",
				);
				GCC_SYMBOLS_PRIVATE_EXTERN = NO;
				GCC_WARN_ABOUT_RETURN_TYPE = YES;
				GCC_WARN_UNINITIALIZED_AUTOS = YES;
				GCC_WARN_UNUSED_VARIABLE = YES;
				IPHONEOS_DEPLOYMENT_TARGET = 6.1;
				ONLY_ACTIVE_ARCH = YES;
				SDKROOT = iphoneos;
			};
			name = Debug;
		};
		8BC4D933194C4CC6009E56D7 /* Release */ = {
			isa = XCBuildConfiguration;
			buildSettings = {
				ALWAYS_SEARCH_USER_PATHS = NO;
				CLANG_CXX_LANGUAGE_STANDARD = "gnu++0x";
				CLANG_CXX_LIBRARY = "libc++";
				CLANG_WARN_CONSTANT_CONVERSION = YES;
				CLANG_WARN_EMPTY_BODY = YES;
				CLANG_WARN_ENUM_CONVERSION = YES;
				CLANG_WARN_INT_CONVERSION = YES;
				CLANG_WARN__DUPLICATE_METHOD_MATCH = YES;
				"CODE_SIGN_IDENTITY[sdk=iphoneos*]" = "iPhone Developer";
				COPY_PHASE_STRIP = YES;
				GCC_C_LANGUAGE_STANDARD = gnu99;
				GCC_WARN_ABOUT_RETURN_TYPE = YES;
				GCC_WARN_UNINITIALIZED_AUTOS = YES;
				GCC_WARN_UNUSED_VARIABLE = YES;
				IPHONEOS_DEPLOYMENT_TARGET = 6.1;
				OTHER_CFLAGS = "-DNS_BLOCK_ASSERTIONS=1";
				SDKROOT = iphoneos;
				VALIDATE_PRODUCT = YES;
			};
			name = Release;
		};
		8BC4D935194C4CC6009E56D7 /* Debug */ = {
			isa = XCBuildConfiguration;
			buildSettings = {
				GCC_PRECOMPILE_PREFIX_HEADER = YES;
				GCC_PREFIX_HEADER = "Task2/Task2-Prefix.pch";
				INFOPLIST_FILE = "Task2/Task2-Info.plist";
				IPHONEOS_DEPLOYMENT_TARGET = 6.0;
				PRODUCT_NAME = "$(TARGET_NAME)";
				WRAPPER_EXTENSION = app;
			};
			name = Debug;
		};
		8BC4D936194C4CC6009E56D7 /* Release */ = {
			isa = XCBuildConfiguration;
			buildSettings = {
				GCC_PRECOMPILE_PREFIX_HEADER = YES;
				GCC_PREFIX_HEADER = "Task2/Task2-Prefix.pch";
				INFOPLIST_FILE = "Task2/Task2-Info.plist";
				IPHONEOS_DEPLOYMENT_TARGET = 6.0;
				PRODUCT_NAME = "$(TARGET_NAME)";
				WRAPPER_EXTENSION = app;
			};
			name = Release;
		};
/* End XCBuildConfiguration section */

/* Begin XCConfigurationList section */
		8BC4D90C194C4CC5009E56D7 /* Build configuration list for PBXProject "Task2" */ = {
			isa = XCConfigurationList;
			buildConfigurations = (
				8BC4D932194C4CC6009E56D7 /* Debug */,
				8BC4D933194C4CC6009E56D7 /* Release */,
			);
			defaultConfigurationIsVisible = 0;
			defaultConfigurationName = Release;
		};
		8BC4D934194C4CC6009E56D7 /* Build configuration list for PBXNativeTarget "Task2" */ = {
			isa = XCConfigurationList;
			buildConfigurations = (
				8BC4D935194C4CC6009E56D7 /* Debug */,
				8BC4D936194C4CC6009E56D7 /* Release */,
			);
			defaultConfigurationIsVisible = 0;
			defaultConfigurationName = Release;
		};
/* End XCConfigurationList section */
	};
	rootObject = 8BC4D909194C4CC5009E56D7 /* Project object */;
}
