// !$*UTF8*$!
{
	archiveVersion = 1;
	classes = {
	};
	objectVersion = 46;
	objects = {

/* Begin PBXBuildFile section */
		8B1F01CF194C307D0070B693 /* Foundation.framework in Frameworks */ = {isa = PBXBuildFile; fileRef = 8B1F01CE194C307D0070B693 /* Foundation.framework */; };
		8B1F01D1194C307D0070B693 /* CoreGraphics.framework in Frameworks */ = {isa = PBXBuildFile; fileRef = 8B1F01D0194C307D0070B693 /* CoreGraphics.framework */; };
		8B1F01D3194C307D0070B693 /* UIKit.framework in Frameworks */ = {isa = PBXBuildFile; fileRef = 8B1F01D2194C307D0070B693 /* UIKit.framework */; };
		8B1F01D9194C307D0070B693 /* InfoPlist.strings in Resources */ = {isa = PBXBuildFile; fileRef = 8B1F01D7194C307D0070B693 /* InfoPlist.strings */; };
		8B1F01DB194C307D0070B693 /* main.m in Sources */ = {isa = PBXBuildFile; fileRef = 8B1F01DA194C307D0070B693 /* main.m */; };
		8B1F01DF194C307D0070B693 /* WriteFileAppDelegate.m in Sources */ = {isa = PBXBuildFile; fileRef = 8B1F01DE194C307D0070B693 /* WriteFileAppDelegate.m */; };
		8B1F01E2194C307D0070B693 /* Main.storyboard in Resources */ = {isa = PBXBuildFile; fileRef = 8B1F01E0194C307D0070B693 /* Main.storyboard */; };
		8B1F01E5194C307D0070B693 /* WriteFileViewController.m in Sources */ = {isa = PBXBuildFile; fileRef = 8B1F01E4194C307D0070B693 /* WriteFileViewController.m */; };
		8B1F01E7194C307D0070B693 /* Images.xcassets in Resources */ = {isa = PBXBuildFile; fileRef = 8B1F01E6194C307D0070B693 /* Images.xcassets */; };
		8B1F01EE194C307D0070B693 /* XCTest.framework in Frameworks */ = {isa = PBXBuildFile; fileRef = 8B1F01ED194C307D0070B693 /* XCTest.framework */; };
		8B1F01EF194C307D0070B693 /* Foundation.framework in Frameworks */ = {isa = PBXBuildFile; fileRef = 8B1F01CE194C307D0070B693 /* Foundation.framework */; };
		8B1F01F0194C307D0070B693 /* UIKit.framework in Frameworks */ = {isa = PBXBuildFile; fileRef = 8B1F01D2194C307D0070B693 /* UIKit.framework */; };
		8B1F01F8194C307D0070B693 /* InfoPlist.strings in Resources */ = {isa = PBXBuildFile; fileRef = 8B1F01F6194C307D0070B693 /* InfoPlist.strings */; };
		8B1F01FA194C307D0070B693 /* WriteFileTests.m in Sources */ = {isa = PBXBuildFile; fileRef = 8B1F01F9194C307D0070B693 /* WriteFileTests.m */; };
/* End PBXBuildFile section */

/* Begin PBXContainerItemProxy section */
		8B1F01F1194C307D0070B693 /* PBXContainerItemProxy */ = {
			isa = PBXContainerItemProxy;
			containerPortal = 8B1F01C3194C307D0070B693 /* Project object */;
			proxyType = 1;
			remoteGlobalIDString = 8B1F01CA194C307D0070B693;
			remoteInfo = WriteFile;
		};
/* End PBXContainerItemProxy section */

/* Begin PBXFileReference section */
		8B1F01CB194C307D0070B693 /* WriteFile.app */ = {isa = PBXFileReference; explicitFileType = wrapper.application; includeInIndex = 0; path = WriteFile.app; sourceTree = BUILT_PRODUCTS_DIR; };
		8B1F01CE194C307D0070B693 /* Foundation.framework */ = {isa = PBXFileReference; lastKnownFileType = wrapper.framework; name = Foundation.framework; path = System/Library/Frameworks/Foundation.framework; sourceTree = SDKROOT; };
		8B1F01D0194C307D0070B693 /* CoreGraphics.framework */ = {isa = PBXFileReference; lastKnownFileType = wrapper.framework; name = CoreGraphics.framework; path = System/Library/Frameworks/CoreGraphics.framework; sourceTree = SDKROOT; };
		8B1F01D2194C307D0070B693 /* UIKit.framework */ = {isa = PBXFileReference; lastKnownFileType = wrapper.framework; name = UIKit.framework; path = System/Library/Frameworks/UIKit.framework; sourceTree = SDKROOT; };
		8B1F01D6194C307D0070B693 /* WriteFile-Info.plist */ = {isa = PBXFileReference; lastKnownFileType = text.plist.xml; path = "WriteFile-Info.plist"; sourceTree = "<group>"; };
		8B1F01D8194C307D0070B693 /* en */ = {isa = PBXFileReference; lastKnownFileType = text.plist.strings; name = en; path = en.lproj/InfoPlist.strings; sourceTree = "<group>"; };
		8B1F01DA194C307D0070B693 /* main.m */ = {isa = PBXFileReference; lastKnownFileType = sourcecode.c.objc; path = main.m; sourceTree = "<group>"; };
		8B1F01DC194C307D0070B693 /* WriteFile-Prefix.pch */ = {isa = PBXFileReference; lastKnownFileType = sourcecode.c.h; path = "WriteFile-Prefix.pch"; sourceTree = "<group>"; };
		8B1F01DD194C307D0070B693 /* WriteFileAppDelegate.h */ = {isa = PBXFileReference; lastKnownFileType = sourcecode.c.h; path = WriteFileAppDelegate.h; sourceTree = "<group>"; };
		8B1F01DE194C307D0070B693 /* WriteFileAppDelegate.m */ = {isa = PBXFileReference; lastKnownFileType = sourcecode.c.objc; path = WriteFileAppDelegate.m; sourceTree = "<group>"; };
		8B1F01E1194C307D0070B693 /* Base */ = {isa = PBXFileReference; lastKnownFileType = file.storyboard; name = Base; path = Base.lproj/Main.storyboard; sourceTree = "<group>"; };
		8B1F01E3194C307D0070B693 /* WriteFileViewController.h */ = {isa = PBXFileReference; lastKnownFileType = sourcecode.c.h; path = WriteFileViewController.h; sourceTree = "<group>"; };
		8B1F01E4194C307D0070B693 /* WriteFileViewController.m */ = {isa = PBXFileReference; lastKnownFileType = sourcecode.c.objc; path = WriteFileViewController.m; sourceTree = "<group>"; };
		8B1F01E6194C307D0070B693 /* Images.xcassets */ = {isa = PBXFileReference; lastKnownFileType = folder.assetcatalog; path = Images.xcassets; sourceTree = "<group>"; };
		8B1F01EC194C307D0070B693 /* WriteFileTests.xctest */ = {isa = PBXFileReference; explicitFileType = wrapper.cfbundle; includeInIndex = 0; path = WriteFileTests.xctest; sourceTree = BUILT_PRODUCTS_DIR; };
		8B1F01ED194C307D0070B693 /* XCTest.framework */ = {isa = PBXFileReference; lastKnownFileType = wrapper.framework; name = XCTest.framework; path = Library/Frameworks/XCTest.framework; sourceTree = DEVELOPER_DIR; };
		8B1F01F5194C307D0070B693 /* WriteFileTests-Info.plist */ = {isa = PBXFileReference; lastKnownFileType = text.plist.xml; path = "WriteFileTests-Info.plist"; sourceTree = "<group>"; };
		8B1F01F7194C307D0070B693 /* en */ = {isa = PBXFileReference; lastKnownFileType = text.plist.strings; name = en; path = en.lproj/InfoPlist.strings; sourceTree = "<group>"; };
		8B1F01F9194C307D0070B693 /* WriteFileTests.m */ = {isa = PBXFileReference; lastKnownFileType = sourcecode.c.objc; path = WriteFileTests.m; sourceTree = "<group>"; };
/* End PBXFileReference section */

/* Begin PBXFrameworksBuildPhase section */
		8B1F01C8194C307D0070B693 /* Frameworks */ = {
			isa = PBXFrameworksBuildPhase;
			buildActionMask = 2147483647;
			files = (
				8B1F01D1194C307D0070B693 /* CoreGraphics.framework in Frameworks */,
				8B1F01D3194C307D0070B693 /* UIKit.framework in Frameworks */,
				8B1F01CF194C307D0070B693 /* Foundation.framework in Frameworks */,
			);
			runOnlyForDeploymentPostprocessing = 0;
		};
		8B1F01E9194C307D0070B693 /* Frameworks */ = {
			isa = PBXFrameworksBuildPhase;
			buildActionMask = 2147483647;
			files = (
				8B1F01EE194C307D0070B693 /* XCTest.framework in Frameworks */,
				8B1F01F0194C307D0070B693 /* UIKit.framework in Frameworks */,
				8B1F01EF194C307D0070B693 /* Foundation.framework in Frameworks */,
			);
			runOnlyForDeploymentPostprocessing = 0;
		};
/* End PBXFrameworksBuildPhase section */

/* Begin PBXGroup section */
		8B1F01C2194C307D0070B693 = {
			isa = PBXGroup;
			children = (
				8B1F01D4194C307D0070B693 /* WriteFile */,
				8B1F01F3194C307D0070B693 /* WriteFileTests */,
				8B1F01CD194C307D0070B693 /* Frameworks */,
				8B1F01CC194C307D0070B693 /* Products */,
			);
			sourceTree = "<group>";
		};
		8B1F01CC194C307D0070B693 /* Products */ = {
			isa = PBXGroup;
			children = (
				8B1F01CB194C307D0070B693 /* WriteFile.app */,
				8B1F01EC194C307D0070B693 /* WriteFileTests.xctest */,
			);
			name = Products;
			sourceTree = "<group>";
		};
		8B1F01CD194C307D0070B693 /* Frameworks */ = {
			isa = PBXGroup;
			children = (
				8B1F01CE194C307D0070B693 /* Foundation.framework */,
				8B1F01D0194C307D0070B693 /* CoreGraphics.framework */,
				8B1F01D2194C307D0070B693 /* UIKit.framework */,
				8B1F01ED194C307D0070B693 /* XCTest.framework */,
			);
			name = Frameworks;
			sourceTree = "<group>";
		};
		8B1F01D4194C307D0070B693 /* WriteFile */ = {
			isa = PBXGroup;
			children = (
				8B1F01DD194C307D0070B693 /* WriteFileAppDelegate.h */,
				8B1F01DE194C307D0070B693 /* WriteFileAppDelegate.m */,
				8B1F01E0194C307D0070B693 /* Main.storyboard */,
				8B1F01E3194C307D0070B693 /* WriteFileViewController.h */,
				8B1F01E4194C307D0070B693 /* WriteFileViewController.m */,
				8B1F01E6194C307D0070B693 /* Images.xcassets */,
				8B1F01D5194C307D0070B693 /* Supporting Files */,
			);
			path = WriteFile;
			sourceTree = "<group>";
		};
		8B1F01D5194C307D0070B693 /* Supporting Files */ = {
			isa = PBXGroup;
			children = (
				8B1F01D6194C307D0070B693 /* WriteFile-Info.plist */,
				8B1F01D7194C307D0070B693 /* InfoPlist.strings */,
				8B1F01DA194C307D0070B693 /* main.m */,
				8B1F01DC194C307D0070B693 /* WriteFile-Prefix.pch */,
			);
			name = "Supporting Files";
			sourceTree = "<group>";
		};
		8B1F01F3194C307D0070B693 /* WriteFileTests */ = {
			isa = PBXGroup;
			children = (
				8B1F01F9194C307D0070B693 /* WriteFileTests.m */,
				8B1F01F4194C307D0070B693 /* Supporting Files */,
			);
			path = WriteFileTests;
			sourceTree = "<group>";
		};
		8B1F01F4194C307D0070B693 /* Supporting Files */ = {
			isa = PBXGroup;
			children = (
				8B1F01F5194C307D0070B693 /* WriteFileTests-Info.plist */,
				8B1F01F6194C307D0070B693 /* InfoPlist.strings */,
			);
			name = "Supporting Files";
			sourceTree = "<group>";
		};
/* End PBXGroup section */

/* Begin PBXNativeTarget section */
		8B1F01CA194C307D0070B693 /* WriteFile */ = {
			isa = PBXNativeTarget;
			buildConfigurationList = 8B1F01FD194C307D0070B693 /* Build configuration list for PBXNativeTarget "WriteFile" */;
			buildPhases = (
				8B1F01C7194C307D0070B693 /* Sources */,
				8B1F01C8194C307D0070B693 /* Frameworks */,
				8B1F01C9194C307D0070B693 /* Resources */,
			);
			buildRules = (
			);
			dependencies = (
			);
			name = WriteFile;
			productName = WriteFile;
			productReference = 8B1F01CB194C307D0070B693 /* WriteFile.app */;
			productType = "com.apple.product-type.application";
		};
		8B1F01EB194C307D0070B693 /* WriteFileTests */ = {
			isa = PBXNativeTarget;
			buildConfigurationList = 8B1F0200194C307D0070B693 /* Build configuration list for PBXNativeTarget "WriteFileTests" */;
			buildPhases = (
				8B1F01E8194C307D0070B693 /* Sources */,
				8B1F01E9194C307D0070B693 /* Frameworks */,
				8B1F01EA194C307D0070B693 /* Resources */,
			);
			buildRules = (
			);
			dependencies = (
				8B1F01F2194C307D0070B693 /* PBXTargetDependency */,
			);
			name = WriteFileTests;
			productName = WriteFileTests;
			productReference = 8B1F01EC194C307D0070B693 /* WriteFileTests.xctest */;
			productType = "com.apple.product-type.bundle.unit-test";
		};
/* End PBXNativeTarget section */

/* Begin PBXProject section */
		8B1F01C3194C307D0070B693 /* Project object */ = {
			isa = PBXProject;
			attributes = {
				CLASSPREFIX = WriteFile;
				LastUpgradeCheck = 0500;
				ORGANIZATIONNAME = Developer;
				TargetAttributes = {
					8B1F01EB194C307D0070B693 = {
						TestTargetID = 8B1F01CA194C307D0070B693;
					};
				};
			};
			buildConfigurationList = 8B1F01C6194C307D0070B693 /* Build configuration list for PBXProject "WriteFile" */;
			compatibilityVersion = "Xcode 3.2";
			developmentRegion = English;
			hasScannedForEncodings = 0;
			knownRegions = (
				en,
				Base,
			);
			mainGroup = 8B1F01C2194C307D0070B693;
			productRefGroup = 8B1F01CC194C307D0070B693 /* Products */;
			projectDirPath = "";
			projectRoot = "";
			targets = (
				8B1F01CA194C307D0070B693 /* WriteFile */,
				8B1F01EB194C307D0070B693 /* WriteFileTests */,
			);
		};
/* End PBXProject section */

/* Begin PBXResourcesBuildPhase section */
		8B1F01C9194C307D0070B693 /* Resources */ = {
			isa = PBXResourcesBuildPhase;
			buildActionMask = 2147483647;
			files = (
				8B1F01E7194C307D0070B693 /* Images.xcassets in Resources */,
				8B1F01D9194C307D0070B693 /* InfoPlist.strings in Resources */,
				8B1F01E2194C307D0070B693 /* Main.storyboard in Resources */,
			);
			runOnlyForDeploymentPostprocessing = 0;
		};
		8B1F01EA194C307D0070B693 /* Resources */ = {
			isa = PBXResourcesBuildPhase;
			buildActionMask = 2147483647;
			files = (
				8B1F01F8194C307D0070B693 /* InfoPlist.strings in Resources */,
			);
			runOnlyForDeploymentPostprocessing = 0;
		};
/* End PBXResourcesBuildPhase section */

/* Begin PBXSourcesBuildPhase section */
		8B1F01C7194C307D0070B693 /* Sources */ = {
			isa = PBXSourcesBuildPhase;
			buildActionMask = 2147483647;
			files = (
				8B1F01DF194C307D0070B693 /* WriteFileAppDelegate.m in Sources */,
				8B1F01E5194C307D0070B693 /* WriteFileViewController.m in Sources */,
				8B1F01DB194C307D0070B693 /* main.m in Sources */,
			);
			runOnlyForDeploymentPostprocessing = 0;
		};
		8B1F01E8194C307D0070B693 /* Sources */ = {
			isa = PBXSourcesBuildPhase;
			buildActionMask = 2147483647;
			files = (
				8B1F01FA194C307D0070B693 /* WriteFileTests.m in Sources */,
			);
			runOnlyForDeploymentPostprocessing = 0;
		};
/* End PBXSourcesBuildPhase section */

/* Begin PBXTargetDependency section */
		8B1F01F2194C307D0070B693 /* PBXTargetDependency */ = {
			isa = PBXTargetDependency;
			target = 8B1F01CA194C307D0070B693 /* WriteFile */;
			targetProxy = 8B1F01F1194C307D0070B693 /* PBXContainerItemProxy */;
		};
/* End PBXTargetDependency section */

/* Begin PBXVariantGroup section */
		8B1F01D7194C307D0070B693 /* InfoPlist.strings */ = {
			isa = PBXVariantGroup;
			children = (
				8B1F01D8194C307D0070B693 /* en */,
			);
			name = InfoPlist.strings;
			sourceTree = "<group>";
		};
		8B1F01E0194C307D0070B693 /* Main.storyboard */ = {
			isa = PBXVariantGroup;
			children = (
				8B1F01E1194C307D0070B693 /* Base */,
			);
			name = Main.storyboard;
			sourceTree = "<group>";
		};
		8B1F01F6194C307D0070B693 /* InfoPlist.strings */ = {
			isa = PBXVariantGroup;
			children = (
				8B1F01F7194C307D0070B693 /* en */,
			);
			name = InfoPlist.strings;
			sourceTree = "<group>";
		};
/* End PBXVariantGroup section */

/* Begin XCBuildConfiguration section */
		8B1F01FB194C307D0070B693 /* Debug */ = {
			isa = XCBuildConfiguration;
			buildSettings = {
				ALWAYS_SEARCH_USER_PATHS = NO;
				ARCHS = "$(ARCHS_STANDARD_INCLUDING_64_BIT)";
				CLANG_CXX_LANGUAGE_STANDARD = "gnu++0x";
				CLANG_CXX_LIBRARY = "libc++";
				CLANG_ENABLE_MODULES = YES;
				CLANG_ENABLE_OBJC_ARC = YES;
				CLANG_WARN_BOOL_CONVERSION = YES;
				CLANG_WARN_CONSTANT_CONVERSION = YES;
				CLANG_WARN_DIRECT_OBJC_ISA_USAGE = YES_ERROR;
				CLANG_WARN_EMPTY_BODY = YES;
				CLANG_WARN_ENUM_CONVERSION = YES;
				CLANG_WARN_INT_CONVERSION = YES;
				CLANG_WARN_OBJC_ROOT_CLASS = YES_ERROR;
				CLANG_WARN__DUPLICATE_METHOD_MATCH = YES;
				"CODE_SIGN_IDENTITY[sdk=iphoneos*]" = "iPhone Developer";
				COPY_PHASE_STRIP = NO;
				GCC_C_LANGUAGE_STANDARD = gnu99;
				GCC_DYNAMIC_NO_PIC = NO;
				GCC_OPTIMIZATION_LEVEL = 0;
				GCC_PREPROCESSOR_DEFINITIONS = (
					"DEBUG=1",
					"$(inherited)",
				);
				GCC_SYMBOLS_PRIVATE_EXTERN = NO;
				GCC_WARN_64_TO_32_BIT_CONVERSION = YES;
				GCC_WARN_ABOUT_RETURN_TYPE = YES_ERROR;
				GCC_WARN_UNDECLARED_SELECTOR = YES;
				GCC_WARN_UNINITIALIZED_AUTOS = YES;
				GCC_WARN_UNUSED_FUNCTION = YES;
				GCC_WARN_UNUSED_VARIABLE = YES;
				IPHONEOS_DEPLOYMENT_TARGET = 7.0;
				ONLY_ACTIVE_ARCH = YES;
				SDKROOT = iphoneos;
			};
			name = Debug;
		};
		8B1F01FC194C307D0070B693 /* Release */ = {
			isa = XCBuildConfiguration;
			buildSettings = {
				ALWAYS_SEARCH_USER_PATHS = NO;
				ARCHS = "$(ARCHS_STANDARD_INCLUDING_64_BIT)";
				CLANG_CXX_LANGUAGE_STANDARD = "gnu++0x";
				CLANG_CXX_LIBRARY = "libc++";
				CLANG_ENABLE_MODULES = YES;
				CLANG_ENABLE_OBJC_ARC = YES;
				CLANG_WARN_BOOL_CONVERSION = YES;
				CLANG_WARN_CONSTANT_CONVERSION = YES;
				CLANG_WARN_DIRECT_OBJC_ISA_USAGE = YES_ERROR;
				CLANG_WARN_EMPTY_BODY = YES;
				CLANG_WARN_ENUM_CONVERSION = YES;
				CLANG_WARN_INT_CONVERSION = YES;
				CLANG_WARN_OBJC_ROOT_CLASS = YES_ERROR;
				CLANG_WARN__DUPLICATE_METHOD_MATCH = YES;
				"CODE_SIGN_IDENTITY[sdk=iphoneos*]" = "iPhone Developer";
				COPY_PHASE_STRIP = YES;
				ENABLE_NS_ASSERTIONS = NO;
				GCC_C_LANGUAGE_STANDARD = gnu99;
				GCC_WARN_64_TO_32_BIT_CONVERSION = YES;
				GCC_WARN_ABOUT_RETURN_TYPE = YES_ERROR;
				GCC_WARN_UNDECLARED_SELECTOR = YES;
				GCC_WARN_UNINITIALIZED_AUTOS = YES;
				GCC_WARN_UNUSED_FUNCTION = YES;
				GCC_WARN_UNUSED_VARIABLE = YES;
				IPHONEOS_DEPLOYMENT_TARGET = 7.0;
				SDKROOT = iphoneos;
				VALIDATE_PRODUCT = YES;
			};
			name = Release;
		};
		8B1F01FE194C307D0070B693 /* Debug */ = {
			isa = XCBuildConfiguration;
			buildSettings = {
				ASSETCATALOG_COMPILER_APPICON_NAME = AppIcon;
				ASSETCATALOG_COMPILER_LAUNCHIMAGE_NAME = LaunchImage;
				GCC_PRECOMPILE_PREFIX_HEADER = YES;
				GCC_PREFIX_HEADER = "WriteFile/WriteFile-Prefix.pch";
				INFOPLIST_FILE = "WriteFile/WriteFile-Info.plist";
				PRODUCT_NAME = "$(TARGET_NAME)";
				WRAPPER_EXTENSION = app;
			};
			name = Debug;
		};
		8B1F01FF194C307D0070B693 /* Release */ = {
			isa = XCBuildConfiguration;
			buildSettings = {
				ASSETCATALOG_COMPILER_APPICON_NAME = AppIcon;
				ASSETCATALOG_COMPILER_LAUNCHIMAGE_NAME = LaunchImage;
				GCC_PRECOMPILE_PREFIX_HEADER = YES;
				GCC_PREFIX_HEADER = "WriteFile/WriteFile-Prefix.pch";
				INFOPLIST_FILE = "WriteFile/WriteFile-Info.plist";
				PRODUCT_NAME = "$(TARGET_NAME)";
				WRAPPER_EXTENSION = app;
			};
			name = Release;
		};
		8B1F0201194C307D0070B693 /* Debug */ = {
			isa = XCBuildConfiguration;
			buildSettings = {
				ARCHS = "$(ARCHS_STANDARD_INCLUDING_64_BIT)";
				BUNDLE_LOADER = "$(BUILT_PRODUCTS_DIR)/WriteFile.app/WriteFile";
				FRAMEWORK_SEARCH_PATHS = (
					"$(SDKROOT)/Developer/Library/Frameworks",
					"$(inherited)",
					"$(DEVELOPER_FRAMEWORKS_DIR)",
				);
				GCC_PRECOMPILE_PREFIX_HEADER = YES;
				GCC_PREFIX_HEADER = "WriteFile/WriteFile-Prefix.pch";
				GCC_PREPROCESSOR_DEFINITIONS = (
					"DEBUG=1",
					"$(inherited)",
				);
				INFOPLIST_FILE = "WriteFileTests/WriteFileTests-Info.plist";
				PRODUCT_NAME = "$(TARGET_NAME)";
				TEST_HOST = "$(BUNDLE_LOADER)";
				WRAPPER_EXTENSION = xctest;
			};
			name = Debug;
		};
		8B1F0202194C307D0070B693 /* Release */ = {
			isa = XCBuildConfiguration;
			buildSettings = {
				ARCHS = "$(ARCHS_STANDARD_INCLUDING_64_BIT)";
				BUNDLE_LOADER = "$(BUILT_PRODUCTS_DIR)/WriteFile.app/WriteFile";
				FRAMEWORK_SEARCH_PATHS = (
					"$(SDKROOT)/Developer/Library/Frameworks",
					"$(inherited)",
					"$(DEVELOPER_FRAMEWORKS_DIR)",
				);
				GCC_PRECOMPILE_PREFIX_HEADER = YES;
				GCC_PREFIX_HEADER = "WriteFile/WriteFile-Prefix.pch";
				INFOPLIST_FILE = "WriteFileTests/WriteFileTests-Info.plist";
				PRODUCT_NAME = "$(TARGET_NAME)";
				TEST_HOST = "$(BUNDLE_LOADER)";
				WRAPPER_EXTENSION = xctest;
			};
			name = Release;
		};
/* End XCBuildConfiguration section */

/* Begin XCConfigurationList section */
		8B1F01C6194C307D0070B693 /* Build configuration list for PBXProject "WriteFile" */ = {
			isa = XCConfigurationList;
			buildConfigurations = (
				8B1F01FB194C307D0070B693 /* Debug */,
				8B1F01FC194C307D0070B693 /* Release */,
			);
			defaultConfigurationIsVisible = 0;
			defaultConfigurationName = Release;
		};
		8B1F01FD194C307D0070B693 /* Build configuration list for PBXNativeTarget "WriteFile" */ = {
			isa = XCConfigurationList;
			buildConfigurations = (
				8B1F01FE194C307D0070B693 /* Debug */,
				8B1F01FF194C307D0070B693 /* Release */,
			);
			defaultConfigurationIsVisible = 0;
		};
		8B1F0200194C307D0070B693 /* Build configuration list for PBXNativeTarget "WriteFileTests" */ = {
			isa = XCConfigurationList;
			buildConfigurations = (
				8B1F0201194C307D0070B693 /* Debug */,
				8B1F0202194C307D0070B693 /* Release */,
			);
			defaultConfigurationIsVisible = 0;
		};
/* End XCConfigurationList section */
	};
	rootObject = 8B1F01C3194C307D0070B693 /* Project object */;
}
