// !$*UTF8*$!
{
	archiveVersion = 1;
	classes = {
	};
	objectVersion = 46;
	objects = {

/* Begin PBXBuildFile section */
		8BC4D8E4194C3B26009E56D7 /* UIKit.framework in Frameworks */ = {isa = PBXBuildFile; fileRef = 8BC4D8E3194C3B26009E56D7 /* UIKit.framework */; };
		8BC4D8E6194C3B26009E56D7 /* Foundation.framework in Frameworks */ = {isa = PBXBuildFile; fileRef = 8BC4D8E5194C3B26009E56D7 /* Foundation.framework */; };
		8BC4D8E8194C3B26009E56D7 /* CoreGraphics.framework in Frameworks */ = {isa = PBXBuildFile; fileRef = 8BC4D8E7194C3B26009E56D7 /* CoreGraphics.framework */; };
		8BC4D8EE194C3B26009E56D7 /* InfoPlist.strings in Resources */ = {isa = PBXBuildFile; fileRef = 8BC4D8EC194C3B26009E56D7 /* InfoPlist.strings */; };
		8BC4D8F0194C3B26009E56D7 /* main.m in Sources */ = {isa = PBXBuildFile; fileRef = 8BC4D8EF194C3B26009E56D7 /* main.m */; };
		8BC4D8F4194C3B26009E56D7 /* ReadFileAppDelegate.m in Sources */ = {isa = PBXBuildFile; fileRef = 8BC4D8F3194C3B26009E56D7 /* ReadFileAppDelegate.m */; };
		8BC4D8F6194C3B26009E56D7 /* Default.png in Resources */ = {isa = PBXBuildFile; fileRef = 8BC4D8F5194C3B26009E56D7 /* Default.png */; };
		8BC4D8F8194C3B26009E56D7 /* Default@2x.png in Resources */ = {isa = PBXBuildFile; fileRef = 8BC4D8F7194C3B26009E56D7 /* Default@2x.png */; };
		8BC4D8FA194C3B26009E56D7 /* Default-568h@2x.png in Resources */ = {isa = PBXBuildFile; fileRef = 8BC4D8F9194C3B26009E56D7 /* Default-568h@2x.png */; };
		8BC4D8FD194C3B26009E56D7 /* ReadFileViewController.m in Sources */ = {isa = PBXBuildFile; fileRef = 8BC4D8FC194C3B26009E56D7 /* ReadFileViewController.m */; };
		8BC4D900194C3B26009E56D7 /* ReadFileViewController.xib in Resources */ = {isa = PBXBuildFile; fileRef = 8BC4D8FE194C3B26009E56D7 /* ReadFileViewController.xib */; };
		8BC4D907194C3B4B009E56D7 /* symbol.json in Resources */ = {isa = PBXBuildFile; fileRef = 8BC4D906194C3B4B009E56D7 /* symbol.json */; };
/* End PBXBuildFile section */

/* Begin PBXFileReference section */
		8BC4D8E0194C3B26009E56D7 /* ReadFile.app */ = {isa = PBXFileReference; explicitFileType = wrapper.application; includeInIndex = 0; path = ReadFile.app; sourceTree = BUILT_PRODUCTS_DIR; };
		8BC4D8E3194C3B26009E56D7 /* UIKit.framework */ = {isa = PBXFileReference; lastKnownFileType = wrapper.framework; name = UIKit.framework; path = System/Library/Frameworks/UIKit.framework; sourceTree = SDKROOT; };
		8BC4D8E5194C3B26009E56D7 /* Foundation.framework */ = {isa = PBXFileReference; lastKnownFileType = wrapper.framework; name = Foundation.framework; path = System/Library/Frameworks/Foundation.framework; sourceTree = SDKROOT; };
		8BC4D8E7194C3B26009E56D7 /* CoreGraphics.framework */ = {isa = PBXFileReference; lastKnownFileType = wrapper.framework; name = CoreGraphics.framework; path = System/Library/Frameworks/CoreGraphics.framework; sourceTree = SDKROOT; };
		8BC4D8EB194C3B26009E56D7 /* ReadFile-Info.plist */ = {isa = PBXFileReference; lastKnownFileType = text.plist.xml; path = "ReadFile-Info.plist"; sourceTree = "<group>"; };
		8BC4D8ED194C3B26009E56D7 /* en */ = {isa = PBXFileReference; lastKnownFileType = text.plist.strings; name = en; path = en.lproj/InfoPlist.strings; sourceTree = "<group>"; };
		8BC4D8EF194C3B26009E56D7 /* main.m */ = {isa = PBXFileReference; lastKnownFileType = sourcecode.c.objc; path = main.m; sourceTree = "<group>"; };
		8BC4D8F1194C3B26009E56D7 /* ReadFile-Prefix.pch */ = {isa = PBXFileReference; lastKnownFileType = sourcecode.c.h; path = "ReadFile-Prefix.pch"; sourceTree = "<group>"; };
		8BC4D8F2194C3B26009E56D7 /* ReadFileAppDelegate.h */ = {isa = PBXFileReference; lastKnownFileType = sourcecode.c.h; path = ReadFileAppDelegate.h; sourceTree = "<group>"; };
		8BC4D8F3194C3B26009E56D7 /* ReadFileAppDelegate.m */ = {isa = PBXFileReference; lastKnownFileType = sourcecode.c.objc; path = ReadFileAppDelegate.m; sourceTree = "<group>"; };
		8BC4D8F5194C3B26009E56D7 /* Default.png */ = {isa = PBXFileReference; lastKnownFileType = image.png; path = Default.png; sourceTree = "<group>"; };
		8BC4D8F7194C3B26009E56D7 /* Default@2x.png */ = {isa = PBXFileReference; lastKnownFileType = image.png; path = "Default@2x.png"; sourceTree = "<group>"; };
		8BC4D8F9194C3B26009E56D7 /* Default-568h@2x.png */ = {isa = PBXFileReference; lastKnownFileType = image.png; path = "Default-568h@2x.png"; sourceTree = "<group>"; };
		8BC4D8FB194C3B26009E56D7 /* ReadFileViewController.h */ = {isa = PBXFileReference; lastKnownFileType = sourcecode.c.h; path = ReadFileViewController.h; sourceTree = "<group>"; };
		8BC4D8FC194C3B26009E56D7 /* ReadFileViewController.m */ = {isa = PBXFileReference; lastKnownFileType = sourcecode.c.objc; path = ReadFileViewController.m; sourceTree = "<group>"; };
		8BC4D8FF194C3B26009E56D7 /* en */ = {isa = PBXFileReference; lastKnownFileType = file.xib; name = en; path = en.lproj/ReadFileViewController.xib; sourceTree = "<group>"; };
		8BC4D906194C3B4B009E56D7 /* symbol.json */ = {isa = PBXFileReference; fileEncoding = 4; lastKnownFileType = text.json; path = symbol.json; sourceTree = "<group>"; };
/* End PBXFileReference section */

/* Begin PBXFrameworksBuildPhase section */
		8BC4D8DD194C3B26009E56D7 /* Frameworks */ = {
			isa = PBXFrameworksBuildPhase;
			buildActionMask = 2147483647;
			files = (
				8BC4D8E4194C3B26009E56D7 /* UIKit.framework in Frameworks */,
				8BC4D8E6194C3B26009E56D7 /* Foundation.framework in Frameworks */,
				8BC4D8E8194C3B26009E56D7 /* CoreGraphics.framework in Frameworks */,
			);
			runOnlyForDeploymentPostprocessing = 0;
		};
/* End PBXFrameworksBuildPhase section */

/* Begin PBXGroup section */
		8BC4D8D7194C3B25009E56D7 = {
			isa = PBXGroup;
			children = (
				8BC4D8E9194C3B26009E56D7 /* ReadFile */,
				8BC4D8E2194C3B26009E56D7 /* Frameworks */,
				8BC4D8E1194C3B26009E56D7 /* Products */,
			);
			sourceTree = "<group>";
		};
		8BC4D8E1194C3B26009E56D7 /* Products */ = {
			isa = PBXGroup;
			children = (
				8BC4D8E0194C3B26009E56D7 /* ReadFile.app */,
			);
			name = Products;
			sourceTree = "<group>";
		};
		8BC4D8E2194C3B26009E56D7 /* Frameworks */ = {
			isa = PBXGroup;
			children = (
				8BC4D8E3194C3B26009E56D7 /* UIKit.framework */,
				8BC4D8E5194C3B26009E56D7 /* Foundation.framework */,
				8BC4D8E7194C3B26009E56D7 /* CoreGraphics.framework */,
			);
			name = Frameworks;
			sourceTree = "<group>";
		};
		8BC4D8E9194C3B26009E56D7 /* ReadFile */ = {
			isa = PBXGroup;
			children = (
				8BC4D906194C3B4B009E56D7 /* symbol.json */,
				8BC4D8F2194C3B26009E56D7 /* ReadFileAppDelegate.h */,
				8BC4D8F3194C3B26009E56D7 /* ReadFileAppDelegate.m */,
				8BC4D8FB194C3B26009E56D7 /* ReadFileViewController.h */,
				8BC4D8FC194C3B26009E56D7 /* ReadFileViewController.m */,
				8BC4D8FE194C3B26009E56D7 /* ReadFileViewController.xib */,
				8BC4D8EA194C3B26009E56D7 /* Supporting Files */,
			);
			path = ReadFile;
			sourceTree = "<group>";
		};
		8BC4D8EA194C3B26009E56D7 /* Supporting Files */ = {
			isa = PBXGroup;
			children = (
				8BC4D8EB194C3B26009E56D7 /* ReadFile-Info.plist */,
				8BC4D8EC194C3B26009E56D7 /* InfoPlist.strings */,
				8BC4D8EF194C3B26009E56D7 /* main.m */,
				8BC4D8F1194C3B26009E56D7 /* ReadFile-Prefix.pch */,
				8BC4D8F5194C3B26009E56D7 /* Default.png */,
				8BC4D8F7194C3B26009E56D7 /* Default@2x.png */,
				8BC4D8F9194C3B26009E56D7 /* Default-568h@2x.png */,
			);
			name = "Supporting Files";
			sourceTree = "<group>";
		};
/* End PBXGroup section */

/* Begin PBXNativeTarget section */
		8BC4D8DF194C3B26009E56D7 /* ReadFile */ = {
			isa = PBXNativeTarget;
			buildConfigurationList = 8BC4D903194C3B26009E56D7 /* Build configuration list for PBXNativeTarget "ReadFile" */;
			buildPhases = (
				8BC4D8DC194C3B26009E56D7 /* Sources */,
				8BC4D8DD194C3B26009E56D7 /* Frameworks */,
				8BC4D8DE194C3B26009E56D7 /* Resources */,
			);
			buildRules = (
			);
			dependencies = (
			);
			name = ReadFile;
			productName = ReadFile;
			productReference = 8BC4D8E0194C3B26009E56D7 /* ReadFile.app */;
			productType = "com.apple.product-type.application";
		};
/* End PBXNativeTarget section */

/* Begin PBXProject section */
		8BC4D8D8194C3B25009E56D7 /* Project object */ = {
			isa = PBXProject;
			attributes = {
				CLASSPREFIX = ReadFile;
				LastUpgradeCheck = 0460;
				ORGANIZATIONNAME = Developer;
			};
			buildConfigurationList = 8BC4D8DB194C3B25009E56D7 /* Build configuration list for PBXProject "ReadFile" */;
			compatibilityVersion = "Xcode 3.2";
			developmentRegion = English;
			hasScannedForEncodings = 0;
			knownRegions = (
				en,
			);
			mainGroup = 8BC4D8D7194C3B25009E56D7;
			productRefGroup = 8BC4D8E1194C3B26009E56D7 /* Products */;
			projectDirPath = "";
			projectRoot = "";
			targets = (
				8BC4D8DF194C3B26009E56D7 /* ReadFile */,
			);
		};
/* End PBXProject section */

/* Begin PBXResourcesBuildPhase section */
		8BC4D8DE194C3B26009E56D7 /* Resources */ = {
			isa = PBXResourcesBuildPhase;
			buildActionMask = 2147483647;
			files = (
				8BC4D8EE194C3B26009E56D7 /* InfoPlist.strings in Resources */,
				8BC4D8F6194C3B26009E56D7 /* Default.png in Resources */,
				8BC4D8F8194C3B26009E56D7 /* Default@2x.png in Resources */,
				8BC4D8FA194C3B26009E56D7 /* Default-568h@2x.png in Resources */,
				8BC4D900194C3B26009E56D7 /* ReadFileViewController.xib in Resources */,
				8BC4D907194C3B4B009E56D7 /* symbol.json in Resources */,
			);
			runOnlyForDeploymentPostprocessing = 0;
		};
/* End PBXResourcesBuildPhase section */

/* Begin PBXSourcesBuildPhase section */
		8BC4D8DC194C3B26009E56D7 /* Sources */ = {
			isa = PBXSourcesBuildPhase;
			buildActionMask = 2147483647;
			files = (
				8BC4D8F0194C3B26009E56D7 /* main.m in Sources */,
				8BC4D8F4194C3B26009E56D7 /* ReadFileAppDelegate.m in Sources */,
				8BC4D8FD194C3B26009E56D7 /* ReadFileViewController.m in Sources */,
			);
			runOnlyForDeploymentPostprocessing = 0;
		};
/* End PBXSourcesBuildPhase section */

/* Begin PBXVariantGroup section */
		8BC4D8EC194C3B26009E56D7 /* InfoPlist.strings */ = {
			isa = PBXVariantGroup;
			children = (
				8BC4D8ED194C3B26009E56D7 /* en */,
			);
			name = InfoPlist.strings;
			sourceTree = "<group>";
		};
		8BC4D8FE194C3B26009E56D7 /* ReadFileViewController.xib */ = {
			isa = PBXVariantGroup;
			children = (
				8BC4D8FF194C3B26009E56D7 /* en */,
			);
			name = ReadFileViewController.xib;
			sourceTree = "<group>";
		};
/* End PBXVariantGroup section */

/* Begin XCBuildConfiguration section */
		8BC4D901194C3B26009E56D7 /* Debug */ = {
			isa = XCBuildConfiguration;
			buildSettings = {
				ALWAYS_SEARCH_USER_PATHS = NO;
				CLANG_CXX_LANGUAGE_STANDARD = "gnu++0x";
				CLANG_CXX_LIBRARY = "libc++";
				CLANG_WARN_CONSTANT_CONVERSION = YES;
				CLANG_WARN_EMPTY_BODY = YES;
				CLANG_WARN_ENUM_CONVERSION = YES;
				CLANG_WARN_INT_CONVERSION = YES;
				CLANG_WARN__DUPLICATE_METHOD_MATCH = YES;
				"CODE_SIGN_IDENTITY[sdk=iphoneos*]" = "iPhone Developer";
				COPY_PHASE_STRIP = NO;
				GCC_C_LANGUAGE_STANDARD = gnu99;
				GCC_DYNAMIC_NO_PIC = NO;
				GCC_OPTIMIZATION_LEVEL = 0;
				GCC_PREPROCESSOR_DEFINITIONS = (
					"DEBUG=1",
					"$(inherited)",
				);
				GCC_SYMBOLS_PRIVATE_EXTERN = NO;
				GCC_WARN_ABOUT_RETURN_TYPE = YES;
				GCC_WARN_UNINITIALIZED_AUTOS = YES;
				GCC_WARN_UNUSED_VARIABLE = YES;
				IPHONEOS_DEPLOYMENT_TARGET = 6.1;
				ONLY_ACTIVE_ARCH = YES;
				SDKROOT = iphoneos;
			};
			name = Debug;
		};
		8BC4D902194C3B26009E56D7 /* Release */ = {
			isa = XCBuildConfiguration;
			buildSettings = {
				ALWAYS_SEARCH_USER_PATHS = NO;
				CLANG_CXX_LANGUAGE_STANDARD = "gnu++0x";
				CLANG_CXX_LIBRARY = "libc++";
				CLANG_WARN_CONSTANT_CONVERSION = YES;
				CLANG_WARN_EMPTY_BODY = YES;
				CLANG_WARN_ENUM_CONVERSION = YES;
				CLANG_WARN_INT_CONVERSION = YES;
				CLANG_WARN__DUPLICATE_METHOD_MATCH = YES;
				"CODE_SIGN_IDENTITY[sdk=iphoneos*]" = "iPhone Developer";
				COPY_PHASE_STRIP = YES;
				GCC_C_LANGUAGE_STANDARD = gnu99;
				GCC_WARN_ABOUT_RETURN_TYPE = YES;
				GCC_WARN_UNINITIALIZED_AUTOS = YES;
				GCC_WARN_UNUSED_VARIABLE = YES;
				IPHONEOS_DEPLOYMENT_TARGET = 6.1;
				OTHER_CFLAGS = "-DNS_BLOCK_ASSERTIONS=1";
				SDKROOT = iphoneos;
				VALIDATE_PRODUCT = YES;
			};
			name = Release;
		};
		8BC4D904194C3B26009E56D7 /* Debug */ = {
			isa = XCBuildConfiguration;
			buildSettings = {
				GCC_PRECOMPILE_PREFIX_HEADER = YES;
				GCC_PREFIX_HEADER = "ReadFile/ReadFile-Prefix.pch";
				INFOPLIST_FILE = "ReadFile/ReadFile-Info.plist";
				PRODUCT_NAME = "$(TARGET_NAME)";
				WRAPPER_EXTENSION = app;
			};
			name = Debug;
		};
		8BC4D905194C3B26009E56D7 /* Release */ = {
			isa = XCBuildConfiguration;
			buildSettings = {
				GCC_PRECOMPILE_PREFIX_HEADER = YES;
				GCC_PREFIX_HEADER = "ReadFile/ReadFile-Prefix.pch";
				INFOPLIST_FILE = "ReadFile/ReadFile-Info.plist";
				PRODUCT_NAME = "$(TARGET_NAME)";
				WRAPPER_EXTENSION = app;
			};
			name = Release;
		};
/* End XCBuildConfiguration section */

/* Begin XCConfigurationList section */
		8BC4D8DB194C3B25009E56D7 /* Build configuration list for PBXProject "ReadFile" */ = {
			isa = XCConfigurationList;
			buildConfigurations = (
				8BC4D901194C3B26009E56D7 /* Debug */,
				8BC4D902194C3B26009E56D7 /* Release */,
			);
			defaultConfigurationIsVisible = 0;
			defaultConfigurationName = Release;
		};
		8BC4D903194C3B26009E56D7 /* Build configuration list for PBXNativeTarget "ReadFile" */ = {
			isa = XCConfigurationList;
			buildConfigurations = (
				8BC4D904194C3B26009E56D7 /* Debug */,
				8BC4D905194C3B26009E56D7 /* Release */,
			);
			defaultConfigurationIsVisible = 0;
		};
/* End XCConfigurationList section */
	};
	rootObject = 8BC4D8D8194C3B25009E56D7 /* Project object */;
}
