// !$*UTF8*$!
{
	archiveVersion = 1;
	classes = {
	};
	objectVersion = 46;
	objects = {

/* Begin PBXBuildFile section */
		8BEA9773194EFEAA003727C9 /* UIKit.framework in Frameworks */ = {isa = PBXBuildFile; fileRef = 8BEA9772194EFEAA003727C9 /* UIKit.framework */; };
		8BEA9775194EFEAA003727C9 /* Foundation.framework in Frameworks */ = {isa = PBXBuildFile; fileRef = 8BEA9774194EFEAA003727C9 /* Foundation.framework */; };
		8BEA9777194EFEAA003727C9 /* CoreGraphics.framework in Frameworks */ = {isa = PBXBuildFile; fileRef = 8BEA9776194EFEAA003727C9 /* CoreGraphics.framework */; };
		8BEA977D194EFEAA003727C9 /* InfoPlist.strings in Resources */ = {isa = PBXBuildFile; fileRef = 8BEA977B194EFEAA003727C9 /* InfoPlist.strings */; };
		8BEA977F194EFEAA003727C9 /* main.m in Sources */ = {isa = PBXBuildFile; fileRef = 8BEA977E194EFEAA003727C9 /* main.m */; };
		8BEA9783194EFEAA003727C9 /* AccordionAppDelegate.m in Sources */ = {isa = PBXBuildFile; fileRef = 8BEA9782194EFEAA003727C9 /* AccordionAppDelegate.m */; };
		8BEA9785194EFEAA003727C9 /* Default.png in Resources */ = {isa = PBXBuildFile; fileRef = 8BEA9784194EFEAA003727C9 /* Default.png */; };
		8BEA9787194EFEAA003727C9 /* Default@2x.png in Resources */ = {isa = PBXBuildFile; fileRef = 8BEA9786194EFEAA003727C9 /* Default@2x.png */; };
		8BEA9789194EFEAA003727C9 /* Default-568h@2x.png in Resources */ = {isa = PBXBuildFile; fileRef = 8BEA9788194EFEAA003727C9 /* Default-568h@2x.png */; };
		8BEA978C194EFEAA003727C9 /* AccordionViewController.m in Sources */ = {isa = PBXBuildFile; fileRef = 8BEA978B194EFEAA003727C9 /* AccordionViewController.m */; };
		8BEA978F194EFEAA003727C9 /* AccordionViewController.xib in Resources */ = {isa = PBXBuildFile; fileRef = 8BEA978D194EFEAA003727C9 /* AccordionViewController.xib */; };
/* End PBXBuildFile section */

/* Begin PBXFileReference section */
		8BEA976F194EFEAA003727C9 /* Accordion.app */ = {isa = PBXFileReference; explicitFileType = wrapper.application; includeInIndex = 0; path = Accordion.app; sourceTree = BUILT_PRODUCTS_DIR; };
		8BEA9772194EFEAA003727C9 /* UIKit.framework */ = {isa = PBXFileReference; lastKnownFileType = wrapper.framework; name = UIKit.framework; path = System/Library/Frameworks/UIKit.framework; sourceTree = SDKROOT; };
		8BEA9774194EFEAA003727C9 /* Foundation.framework */ = {isa = PBXFileReference; lastKnownFileType = wrapper.framework; name = Foundation.framework; path = System/Library/Frameworks/Foundation.framework; sourceTree = SDKROOT; };
		8BEA9776194EFEAA003727C9 /* CoreGraphics.framework */ = {isa = PBXFileReference; lastKnownFileType = wrapper.framework; name = CoreGraphics.framework; path = System/Library/Frameworks/CoreGraphics.framework; sourceTree = SDKROOT; };
		8BEA977A194EFEAA003727C9 /* Accordion-Info.plist */ = {isa = PBXFileReference; lastKnownFileType = text.plist.xml; path = "Accordion-Info.plist"; sourceTree = "<group>"; };
		8BEA977C194EFEAA003727C9 /* en */ = {isa = PBXFileReference; lastKnownFileType = text.plist.strings; name = en; path = en.lproj/InfoPlist.strings; sourceTree = "<group>"; };
		8BEA977E194EFEAA003727C9 /* main.m */ = {isa = PBXFileReference; lastKnownFileType = sourcecode.c.objc; path = main.m; sourceTree = "<group>"; };
		8BEA9780194EFEAA003727C9 /* Accordion-Prefix.pch */ = {isa = PBXFileReference; lastKnownFileType = sourcecode.c.h; path = "Accordion-Prefix.pch"; sourceTree = "<group>"; };
		8BEA9781194EFEAA003727C9 /* AccordionAppDelegate.h */ = {isa = PBXFileReference; lastKnownFileType = sourcecode.c.h; path = AccordionAppDelegate.h; sourceTree = "<group>"; };
		8BEA9782194EFEAA003727C9 /* AccordionAppDelegate.m */ = {isa = PBXFileReference; lastKnownFileType = sourcecode.c.objc; path = AccordionAppDelegate.m; sourceTree = "<group>"; };
		8BEA9784194EFEAA003727C9 /* Default.png */ = {isa = PBXFileReference; lastKnownFileType = image.png; path = Default.png; sourceTree = "<group>"; };
		8BEA9786194EFEAA003727C9 /* Default@2x.png */ = {isa = PBXFileReference; lastKnownFileType = image.png; path = "Default@2x.png"; sourceTree = "<group>"; };
		8BEA9788194EFEAA003727C9 /* Default-568h@2x.png */ = {isa = PBXFileReference; lastKnownFileType = image.png; path = "Default-568h@2x.png"; sourceTree = "<group>"; };
		8BEA978A194EFEAA003727C9 /* AccordionViewController.h */ = {isa = PBXFileReference; lastKnownFileType = sourcecode.c.h; path = AccordionViewController.h; sourceTree = "<group>"; };
		8BEA978B194EFEAA003727C9 /* AccordionViewController.m */ = {isa = PBXFileReference; lastKnownFileType = sourcecode.c.objc; path = AccordionViewController.m; sourceTree = "<group>"; };
		8BEA978E194EFEAA003727C9 /* en */ = {isa = PBXFileReference; lastKnownFileType = file.xib; name = en; path = en.lproj/AccordionViewController.xib; sourceTree = "<group>"; };
/* End PBXFileReference section */

/* Begin PBXFrameworksBuildPhase section */
		8BEA976C194EFEAA003727C9 /* Frameworks */ = {
			isa = PBXFrameworksBuildPhase;
			buildActionMask = 2147483647;
			files = (
				8BEA9773194EFEAA003727C9 /* UIKit.framework in Frameworks */,
				8BEA9775194EFEAA003727C9 /* Foundation.framework in Frameworks */,
				8BEA9777194EFEAA003727C9 /* CoreGraphics.framework in Frameworks */,
			);
			runOnlyForDeploymentPostprocessing = 0;
		};
/* End PBXFrameworksBuildPhase section */

/* Begin PBXGroup section */
		8BEA9766194EFEAA003727C9 = {
			isa = PBXGroup;
			children = (
				8BEA9778194EFEAA003727C9 /* Accordion */,
				8BEA9771194EFEAA003727C9 /* Frameworks */,
				8BEA9770194EFEAA003727C9 /* Products */,
			);
			sourceTree = "<group>";
		};
		8BEA9770194EFEAA003727C9 /* Products */ = {
			isa = PBXGroup;
			children = (
				8BEA976F194EFEAA003727C9 /* Accordion.app */,
			);
			name = Products;
			sourceTree = "<group>";
		};
		8BEA9771194EFEAA003727C9 /* Frameworks */ = {
			isa = PBXGroup;
			children = (
				8BEA9772194EFEAA003727C9 /* UIKit.framework */,
				8BEA9774194EFEAA003727C9 /* Foundation.framework */,
				8BEA9776194EFEAA003727C9 /* CoreGraphics.framework */,
			);
			name = Frameworks;
			sourceTree = "<group>";
		};
		8BEA9778194EFEAA003727C9 /* Accordion */ = {
			isa = PBXGroup;
			children = (
				8BEA9781194EFEAA003727C9 /* AccordionAppDelegate.h */,
				8BEA9782194EFEAA003727C9 /* AccordionAppDelegate.m */,
				8BEA978A194EFEAA003727C9 /* AccordionViewController.h */,
				8BEA978B194EFEAA003727C9 /* AccordionViewController.m */,
				8BEA978D194EFEAA003727C9 /* AccordionViewController.xib */,
				8BEA9779194EFEAA003727C9 /* Supporting Files */,
			);
			path = Accordion;
			sourceTree = "<group>";
		};
		8BEA9779194EFEAA003727C9 /* Supporting Files */ = {
			isa = PBXGroup;
			children = (
				8BEA977A194EFEAA003727C9 /* Accordion-Info.plist */,
				8BEA977B194EFEAA003727C9 /* InfoPlist.strings */,
				8BEA977E194EFEAA003727C9 /* main.m */,
				8BEA9780194EFEAA003727C9 /* Accordion-Prefix.pch */,
				8BEA9784194EFEAA003727C9 /* Default.png */,
				8BEA9786194EFEAA003727C9 /* Default@2x.png */,
				8BEA9788194EFEAA003727C9 /* Default-568h@2x.png */,
			);
			name = "Supporting Files";
			sourceTree = "<group>";
		};
/* End PBXGroup section */

/* Begin PBXNativeTarget section */
		8BEA976E194EFEAA003727C9 /* Accordion */ = {
			isa = PBXNativeTarget;
			buildConfigurationList = 8BEA9792194EFEAA003727C9 /* Build configuration list for PBXNativeTarget "Accordion" */;
			buildPhases = (
				8BEA976B194EFEAA003727C9 /* Sources */,
				8BEA976C194EFEAA003727C9 /* Frameworks */,
				8BEA976D194EFEAA003727C9 /* Resources */,
			);
			buildRules = (
			);
			dependencies = (
			);
			name = Accordion;
			productName = Accordion;
			productReference = 8BEA976F194EFEAA003727C9 /* Accordion.app */;
			productType = "com.apple.product-type.application";
		};
/* End PBXNativeTarget section */

/* Begin PBXProject section */
		8BEA9767194EFEAA003727C9 /* Project object */ = {
			isa = PBXProject;
			attributes = {
				CLASSPREFIX = Accordion;
				LastUpgradeCheck = 0460;
				ORGANIZATIONNAME = Developer;
			};
			buildConfigurationList = 8BEA976A194EFEAA003727C9 /* Build configuration list for PBXProject "Accordion" */;
			compatibilityVersion = "Xcode 3.2";
			developmentRegion = English;
			hasScannedForEncodings = 0;
			knownRegions = (
				en,
			);
			mainGroup = 8BEA9766194EFEAA003727C9;
			productRefGroup = 8BEA9770194EFEAA003727C9 /* Products */;
			projectDirPath = "";
			projectRoot = "";
			targets = (
				8BEA976E194EFEAA003727C9 /* Accordion */,
			);
		};
/* End PBXProject section */

/* Begin PBXResourcesBuildPhase section */
		8BEA976D194EFEAA003727C9 /* Resources */ = {
			isa = PBXResourcesBuildPhase;
			buildActionMask = 2147483647;
			files = (
				8BEA977D194EFEAA003727C9 /* InfoPlist.strings in Resources */,
				8BEA9785194EFEAA003727C9 /* Default.png in Resources */,
				8BEA9787194EFEAA003727C9 /* Default@2x.png in Resources */,
				8BEA9789194EFEAA003727C9 /* Default-568h@2x.png in Resources */,
				8BEA978F194EFEAA003727C9 /* AccordionViewController.xib in Resources */,
			);
			runOnlyForDeploymentPostprocessing = 0;
		};
/* End PBXResourcesBuildPhase section */

/* Begin PBXSourcesBuildPhase section */
		8BEA976B194EFEAA003727C9 /* Sources */ = {
			isa = PBXSourcesBuildPhase;
			buildActionMask = 2147483647;
			files = (
				8BEA977F194EFEAA003727C9 /* main.m in Sources */,
				8BEA9783194EFEAA003727C9 /* AccordionAppDelegate.m in Sources */,
				8BEA978C194EFEAA003727C9 /* AccordionViewController.m in Sources */,
			);
			runOnlyForDeploymentPostprocessing = 0;
		};
/* End PBXSourcesBuildPhase section */

/* Begin PBXVariantGroup section */
		8BEA977B194EFEAA003727C9 /* InfoPlist.strings */ = {
			isa = PBXVariantGroup;
			children = (
				8BEA977C194EFEAA003727C9 /* en */,
			);
			name = InfoPlist.strings;
			sourceTree = "<group>";
		};
		8BEA978D194EFEAA003727C9 /* AccordionViewController.xib */ = {
			isa = PBXVariantGroup;
			children = (
				8BEA978E194EFEAA003727C9 /* en */,
			);
			name = AccordionViewController.xib;
			sourceTree = "<group>";
		};
/* End PBXVariantGroup section */

/* Begin XCBuildConfiguration section */
		8BEA9790194EFEAA003727C9 /* Debug */ = {
			isa = XCBuildConfiguration;
			buildSettings = {
				ALWAYS_SEARCH_USER_PATHS = NO;
				CLANG_CXX_LANGUAGE_STANDARD = "gnu++0x";
				CLANG_CXX_LIBRARY = "libc++";
				CLANG_WARN_CONSTANT_CONVERSION = YES;
				CLANG_WARN_EMPTY_BODY = YES;
				CLANG_WARN_ENUM_CONVERSION = YES;
				CLANG_WARN_INT_CONVERSION = YES;
				CLANG_WARN__DUPLICATE_METHOD_MATCH = YES;
				"CODE_SIGN_IDENTITY[sdk=iphoneos*]" = "iPhone Developer";
				COPY_PHASE_STRIP = NO;
				GCC_C_LANGUAGE_STANDARD = gnu99;
				GCC_DYNAMIC_NO_PIC = NO;
				GCC_OPTIMIZATION_LEVEL = 0;
				GCC_PREPROCESSOR_DEFINITIONS = (
					"DEBUG=1",
					"$(inherited)",
				);
				GCC_SYMBOLS_PRIVATE_EXTERN = NO;
				GCC_WARN_ABOUT_RETURN_TYPE = YES;
				GCC_WARN_UNINITIALIZED_AUTOS = YES;
				GCC_WARN_UNUSED_VARIABLE = YES;
				IPHONEOS_DEPLOYMENT_TARGET = 7.0;
				ONLY_ACTIVE_ARCH = YES;
				SDKROOT = iphoneos;
			};
			name = Debug;
		};
		8BEA9791194EFEAA003727C9 /* Release */ = {
			isa = XCBuildConfiguration;
			buildSettings = {
				ALWAYS_SEARCH_USER_PATHS = NO;
				CLANG_CXX_LANGUAGE_STANDARD = "gnu++0x";
				CLANG_CXX_LIBRARY = "libc++";
				CLANG_WARN_CONSTANT_CONVERSION = YES;
				CLANG_WARN_EMPTY_BODY = YES;
				CLANG_WARN_ENUM_CONVERSION = YES;
				CLANG_WARN_INT_CONVERSION = YES;
				CLANG_WARN__DUPLICATE_METHOD_MATCH = YES;
				"CODE_SIGN_IDENTITY[sdk=iphoneos*]" = "iPhone Developer";
				COPY_PHASE_STRIP = YES;
				GCC_C_LANGUAGE_STANDARD = gnu99;
				GCC_WARN_ABOUT_RETURN_TYPE = YES;
				GCC_WARN_UNINITIALIZED_AUTOS = YES;
				GCC_WARN_UNUSED_VARIABLE = YES;
				IPHONEOS_DEPLOYMENT_TARGET = 7.0;
				OTHER_CFLAGS = "-DNS_BLOCK_ASSERTIONS=1";
				SDKROOT = iphoneos;
				VALIDATE_PRODUCT = YES;
			};
			name = Release;
		};
		8BEA9793194EFEAA003727C9 /* Debug */ = {
			isa = XCBuildConfiguration;
			buildSettings = {
				CODE_SIGN_IDENTITY = "iPhone Developer: Shreesh Garg (W362P99C6S)";
				"CODE_SIGN_IDENTITY[sdk=iphoneos*]" = "iPhone Developer: Shreesh Garg (W362P99C6S)";
				GCC_PRECOMPILE_PREFIX_HEADER = YES;
				GCC_PREFIX_HEADER = "Accordion/Accordion-Prefix.pch";
				INFOPLIST_FILE = "Accordion/Accordion-Info.plist";
				IPHONEOS_DEPLOYMENT_TARGET = 7.0;
				PRODUCT_NAME = "$(TARGET_NAME)";
				PROVISIONING_PROFILE = "";
				"PROVISIONING_PROFILE[sdk=iphoneos*]" = "";
				WRAPPER_EXTENSION = app;
			};
			name = Debug;
		};
		8BEA9794194EFEAA003727C9 /* Release */ = {
			isa = XCBuildConfiguration;
			buildSettings = {
				CODE_SIGN_IDENTITY = "iPhone Developer: Shreesh Garg (W362P99C6S)";
				"CODE_SIGN_IDENTITY[sdk=iphoneos*]" = "iPhone Developer: Shreesh Garg (W362P99C6S)";
				GCC_PRECOMPILE_PREFIX_HEADER = YES;
				GCC_PREFIX_HEADER = "Accordion/Accordion-Prefix.pch";
				INFOPLIST_FILE = "Accordion/Accordion-Info.plist";
				IPHONEOS_DEPLOYMENT_TARGET = 7.0;
				PRODUCT_NAME = "$(TARGET_NAME)";
				PROVISIONING_PROFILE = "";
				"PROVISIONING_PROFILE[sdk=iphoneos*]" = "";
				WRAPPER_EXTENSION = app;
			};
			name = Release;
		};
/* End XCBuildConfiguration section */

/* Begin XCConfigurationList section */
		8BEA976A194EFEAA003727C9 /* Build configuration list for PBXProject "Accordion" */ = {
			isa = XCConfigurationList;
			buildConfigurations = (
				8BEA9790194EFEAA003727C9 /* Debug */,
				8BEA9791194EFEAA003727C9 /* Release */,
			);
			defaultConfigurationIsVisible = 0;
			defaultConfigurationName = Release;
		};
		8BEA9792194EFEAA003727C9 /* Build configuration list for PBXNativeTarget "Accordion" */ = {
			isa = XCConfigurationList;
			buildConfigurations = (
				8BEA9793194EFEAA003727C9 /* Debug */,
				8BEA9794194EFEAA003727C9 /* Release */,
			);
			defaultConfigurationIsVisible = 0;
			defaultConfigurationName = Release;
		};
/* End XCConfigurationList section */
	};
	rootObject = 8BEA9767194EFEAA003727C9 /* Project object */;
}
