// !$*UTF8*$!
{
	archiveVersion = 1;
	classes = {
	};
	objectVersion = 46;
	objects = {

/* Begin PBXBuildFile section */
		8B7116A7194980B600702EB9 /* UIKit.framework in Frameworks */ = {isa = PBXBuildFile; fileRef = 8B7116A6194980B600702EB9 /* UIKit.framework */; };
		8B7116A9194980B600702EB9 /* Foundation.framework in Frameworks */ = {isa = PBXBuildFile; fileRef = 8B7116A8194980B600702EB9 /* Foundation.framework */; };
		8B7116AB194980B600702EB9 /* CoreGraphics.framework in Frameworks */ = {isa = PBXBuildFile; fileRef = 8B7116AA194980B600702EB9 /* CoreGraphics.framework */; };
		8B7116B1194980B600702EB9 /* InfoPlist.strings in Resources */ = {isa = PBXBuildFile; fileRef = 8B7116AF194980B600702EB9 /* InfoPlist.strings */; };
		8B7116B3194980B600702EB9 /* main.m in Sources */ = {isa = PBXBuildFile; fileRef = 8B7116B2194980B600702EB9 /* main.m */; };
		8B7116B7194980B600702EB9 /* MapKitAppDelegate.m in Sources */ = {isa = PBXBuildFile; fileRef = 8B7116B6194980B600702EB9 /* MapKitAppDelegate.m */; };
		8B7116B9194980B600702EB9 /* Default.png in Resources */ = {isa = PBXBuildFile; fileRef = 8B7116B8194980B600702EB9 /* Default.png */; };
		8B7116BB194980B600702EB9 /* Default@2x.png in Resources */ = {isa = PBXBuildFile; fileRef = 8B7116BA194980B600702EB9 /* Default@2x.png */; };
		8B7116BD194980B600702EB9 /* Default-568h@2x.png in Resources */ = {isa = PBXBuildFile; fileRef = 8B7116BC194980B600702EB9 /* Default-568h@2x.png */; };
		8B7116C0194980B600702EB9 /* MapKitViewController.m in Sources */ = {isa = PBXBuildFile; fileRef = 8B7116BF194980B600702EB9 /* MapKitViewController.m */; };
		8B7116C3194980B600702EB9 /* MapKitViewController.xib in Resources */ = {isa = PBXBuildFile; fileRef = 8B7116C1194980B600702EB9 /* MapKitViewController.xib */; };
		8B7116CA194980E400702EB9 /* MapKit.framework in Frameworks */ = {isa = PBXBuildFile; fileRef = 8B7116C9194980E400702EB9 /* MapKit.framework */; settings = {ATTRIBUTES = (Required, ); }; };
		8B7116CC194986E900702EB9 /* CoreLocation.framework in Frameworks */ = {isa = PBXBuildFile; fileRef = 8B7116CB194986E900702EB9 /* CoreLocation.framework */; };
		8B7116CE1949899A00702EB9 /* imag.jpg in Resources */ = {isa = PBXBuildFile; fileRef = 8B7116CD1949899A00702EB9 /* imag.jpg */; };
/* End PBXBuildFile section */

/* Begin PBXFileReference section */
		8B7116A3194980B600702EB9 /* MapKit.app */ = {isa = PBXFileReference; explicitFileType = wrapper.application; includeInIndex = 0; path = MapKit.app; sourceTree = BUILT_PRODUCTS_DIR; };
		8B7116A6194980B600702EB9 /* UIKit.framework */ = {isa = PBXFileReference; lastKnownFileType = wrapper.framework; name = UIKit.framework; path = System/Library/Frameworks/UIKit.framework; sourceTree = SDKROOT; };
		8B7116A8194980B600702EB9 /* Foundation.framework */ = {isa = PBXFileReference; lastKnownFileType = wrapper.framework; name = Foundation.framework; path = System/Library/Frameworks/Foundation.framework; sourceTree = SDKROOT; };
		8B7116AA194980B600702EB9 /* CoreGraphics.framework */ = {isa = PBXFileReference; lastKnownFileType = wrapper.framework; name = CoreGraphics.framework; path = System/Library/Frameworks/CoreGraphics.framework; sourceTree = SDKROOT; };
		8B7116AE194980B600702EB9 /* MapKit-Info.plist */ = {isa = PBXFileReference; lastKnownFileType = text.plist.xml; path = "MapKit-Info.plist"; sourceTree = "<group>"; };
		8B7116B0194980B600702EB9 /* en */ = {isa = PBXFileReference; lastKnownFileType = text.plist.strings; name = en; path = en.lproj/InfoPlist.strings; sourceTree = "<group>"; };
		8B7116B2194980B600702EB9 /* main.m */ = {isa = PBXFileReference; lastKnownFileType = sourcecode.c.objc; path = main.m; sourceTree = "<group>"; };
		8B7116B4194980B600702EB9 /* MapKit-Prefix.pch */ = {isa = PBXFileReference; lastKnownFileType = sourcecode.c.h; path = "MapKit-Prefix.pch"; sourceTree = "<group>"; };
		8B7116B5194980B600702EB9 /* MapKitAppDelegate.h */ = {isa = PBXFileReference; lastKnownFileType = sourcecode.c.h; path = MapKitAppDelegate.h; sourceTree = "<group>"; };
		8B7116B6194980B600702EB9 /* MapKitAppDelegate.m */ = {isa = PBXFileReference; lastKnownFileType = sourcecode.c.objc; path = MapKitAppDelegate.m; sourceTree = "<group>"; };
		8B7116B8194980B600702EB9 /* Default.png */ = {isa = PBXFileReference; lastKnownFileType = image.png; path = Default.png; sourceTree = "<group>"; };
		8B7116BA194980B600702EB9 /* Default@2x.png */ = {isa = PBXFileReference; lastKnownFileType = image.png; path = "Default@2x.png"; sourceTree = "<group>"; };
		8B7116BC194980B600702EB9 /* Default-568h@2x.png */ = {isa = PBXFileReference; lastKnownFileType = image.png; path = "Default-568h@2x.png"; sourceTree = "<group>"; };
		8B7116BE194980B600702EB9 /* MapKitViewController.h */ = {isa = PBXFileReference; lastKnownFileType = sourcecode.c.h; path = MapKitViewController.h; sourceTree = "<group>"; };
		8B7116BF194980B600702EB9 /* MapKitViewController.m */ = {isa = PBXFileReference; lastKnownFileType = sourcecode.c.objc; path = MapKitViewController.m; sourceTree = "<group>"; };
		8B7116C2194980B600702EB9 /* en */ = {isa = PBXFileReference; lastKnownFileType = file.xib; name = en; path = en.lproj/MapKitViewController.xib; sourceTree = "<group>"; };
		8B7116C9194980E400702EB9 /* MapKit.framework */ = {isa = PBXFileReference; lastKnownFileType = wrapper.framework; name = MapKit.framework; path = System/Library/Frameworks/MapKit.framework; sourceTree = SDKROOT; };
		8B7116CB194986E900702EB9 /* CoreLocation.framework */ = {isa = PBXFileReference; lastKnownFileType = wrapper.framework; name = CoreLocation.framework; path = System/Library/Frameworks/CoreLocation.framework; sourceTree = SDKROOT; };
		8B7116CD1949899A00702EB9 /* imag.jpg */ = {isa = PBXFileReference; lastKnownFileType = image.jpeg; path = imag.jpg; sourceTree = "<group>"; };
/* End PBXFileReference section */

/* Begin PBXFrameworksBuildPhase section */
		8B7116A0194980B600702EB9 /* Frameworks */ = {
			isa = PBXFrameworksBuildPhase;
			buildActionMask = 2147483647;
			files = (
				8B7116CC194986E900702EB9 /* CoreLocation.framework in Frameworks */,
				8B7116CA194980E400702EB9 /* MapKit.framework in Frameworks */,
				8B7116A7194980B600702EB9 /* UIKit.framework in Frameworks */,
				8B7116A9194980B600702EB9 /* Foundation.framework in Frameworks */,
				8B7116AB194980B600702EB9 /* CoreGraphics.framework in Frameworks */,
			);
			runOnlyForDeploymentPostprocessing = 0;
		};
/* End PBXFrameworksBuildPhase section */

/* Begin PBXGroup section */
		8B71169A194980B600702EB9 = {
			isa = PBXGroup;
			children = (
				8B7116AC194980B600702EB9 /* MapKit */,
				8B7116A5194980B600702EB9 /* Frameworks */,
				8B7116A4194980B600702EB9 /* Products */,
			);
			sourceTree = "<group>";
		};
		8B7116A4194980B600702EB9 /* Products */ = {
			isa = PBXGroup;
			children = (
				8B7116A3194980B600702EB9 /* MapKit.app */,
			);
			name = Products;
			sourceTree = "<group>";
		};
		8B7116A5194980B600702EB9 /* Frameworks */ = {
			isa = PBXGroup;
			children = (
				8B7116CB194986E900702EB9 /* CoreLocation.framework */,
				8B7116C9194980E400702EB9 /* MapKit.framework */,
				8B7116A6194980B600702EB9 /* UIKit.framework */,
				8B7116A8194980B600702EB9 /* Foundation.framework */,
				8B7116AA194980B600702EB9 /* CoreGraphics.framework */,
			);
			name = Frameworks;
			sourceTree = "<group>";
		};
		8B7116AC194980B600702EB9 /* MapKit */ = {
			isa = PBXGroup;
			children = (
				8B7116B5194980B600702EB9 /* MapKitAppDelegate.h */,
				8B7116B6194980B600702EB9 /* MapKitAppDelegate.m */,
				8B7116CD1949899A00702EB9 /* imag.jpg */,
				8B7116BE194980B600702EB9 /* MapKitViewController.h */,
				8B7116BF194980B600702EB9 /* MapKitViewController.m */,
				8B7116C1194980B600702EB9 /* MapKitViewController.xib */,
				8B7116AD194980B600702EB9 /* Supporting Files */,
			);
			path = MapKit;
			sourceTree = "<group>";
		};
		8B7116AD194980B600702EB9 /* Supporting Files */ = {
			isa = PBXGroup;
			children = (
				8B7116AE194980B600702EB9 /* MapKit-Info.plist */,
				8B7116AF194980B600702EB9 /* InfoPlist.strings */,
				8B7116B2194980B600702EB9 /* main.m */,
				8B7116B4194980B600702EB9 /* MapKit-Prefix.pch */,
				8B7116B8194980B600702EB9 /* Default.png */,
				8B7116BA194980B600702EB9 /* Default@2x.png */,
				8B7116BC194980B600702EB9 /* Default-568h@2x.png */,
			);
			name = "Supporting Files";
			sourceTree = "<group>";
		};
/* End PBXGroup section */

/* Begin PBXNativeTarget section */
		8B7116A2194980B600702EB9 /* MapKit */ = {
			isa = PBXNativeTarget;
			buildConfigurationList = 8B7116C6194980B600702EB9 /* Build configuration list for PBXNativeTarget "MapKit" */;
			buildPhases = (
				8B71169F194980B600702EB9 /* Sources */,
				8B7116A0194980B600702EB9 /* Frameworks */,
				8B7116A1194980B600702EB9 /* Resources */,
			);
			buildRules = (
			);
			dependencies = (
			);
			name = MapKit;
			productName = MapKit;
			productReference = 8B7116A3194980B600702EB9 /* MapKit.app */;
			productType = "com.apple.product-type.application";
		};
/* End PBXNativeTarget section */

/* Begin PBXProject section */
		8B71169B194980B600702EB9 /* Project object */ = {
			isa = PBXProject;
			attributes = {
				CLASSPREFIX = MapKit;
				LastUpgradeCheck = 0460;
				ORGANIZATIONNAME = Developer;
			};
			buildConfigurationList = 8B71169E194980B600702EB9 /* Build configuration list for PBXProject "MapKit" */;
			compatibilityVersion = "Xcode 3.2";
			developmentRegion = English;
			hasScannedForEncodings = 0;
			knownRegions = (
				en,
			);
			mainGroup = 8B71169A194980B600702EB9;
			productRefGroup = 8B7116A4194980B600702EB9 /* Products */;
			projectDirPath = "";
			projectRoot = "";
			targets = (
				8B7116A2194980B600702EB9 /* MapKit */,
			);
		};
/* End PBXProject section */

/* Begin PBXResourcesBuildPhase section */
		8B7116A1194980B600702EB9 /* Resources */ = {
			isa = PBXResourcesBuildPhase;
			buildActionMask = 2147483647;
			files = (
				8B7116B1194980B600702EB9 /* InfoPlist.strings in Resources */,
				8B7116B9194980B600702EB9 /* Default.png in Resources */,
				8B7116BB194980B600702EB9 /* Default@2x.png in Resources */,
				8B7116BD194980B600702EB9 /* Default-568h@2x.png in Resources */,
				8B7116C3194980B600702EB9 /* MapKitViewController.xib in Resources */,
				8B7116CE1949899A00702EB9 /* imag.jpg in Resources */,
			);
			runOnlyForDeploymentPostprocessing = 0;
		};
/* End PBXResourcesBuildPhase section */

/* Begin PBXSourcesBuildPhase section */
		8B71169F194980B600702EB9 /* Sources */ = {
			isa = PBXSourcesBuildPhase;
			buildActionMask = 2147483647;
			files = (
				8B7116B3194980B600702EB9 /* main.m in Sources */,
				8B7116B7194980B600702EB9 /* MapKitAppDelegate.m in Sources */,
				8B7116C0194980B600702EB9 /* MapKitViewController.m in Sources */,
			);
			runOnlyForDeploymentPostprocessing = 0;
		};
/* End PBXSourcesBuildPhase section */

/* Begin PBXVariantGroup section */
		8B7116AF194980B600702EB9 /* InfoPlist.strings */ = {
			isa = PBXVariantGroup;
			children = (
				8B7116B0194980B600702EB9 /* en */,
			);
			name = InfoPlist.strings;
			sourceTree = "<group>";
		};
		8B7116C1194980B600702EB9 /* MapKitViewController.xib */ = {
			isa = PBXVariantGroup;
			children = (
				8B7116C2194980B600702EB9 /* en */,
			);
			name = MapKitViewController.xib;
			sourceTree = "<group>";
		};
/* End PBXVariantGroup section */

/* Begin XCBuildConfiguration section */
		8B7116C4194980B600702EB9 /* Debug */ = {
			isa = XCBuildConfiguration;
			buildSettings = {
				ALWAYS_SEARCH_USER_PATHS = NO;
				CLANG_CXX_LANGUAGE_STANDARD = "gnu++0x";
				CLANG_CXX_LIBRARY = "libc++";
				CLANG_WARN_CONSTANT_CONVERSION = YES;
				CLANG_WARN_EMPTY_BODY = YES;
				CLANG_WARN_ENUM_CONVERSION = YES;
				CLANG_WARN_INT_CONVERSION = YES;
				CLANG_WARN__DUPLICATE_METHOD_MATCH = YES;
				"CODE_SIGN_IDENTITY[sdk=iphoneos*]" = "iPhone Developer";
				COPY_PHASE_STRIP = NO;
				GCC_C_LANGUAGE_STANDARD = gnu99;
				GCC_DYNAMIC_NO_PIC = NO;
				GCC_OPTIMIZATION_LEVEL = 0;
				GCC_PREPROCESSOR_DEFINITIONS = (
					"DEBUG=1",
					"$(inherited)",
				);
				GCC_SYMBOLS_PRIVATE_EXTERN = NO;
				GCC_WARN_ABOUT_RETURN_TYPE = YES;
				GCC_WARN_UNINITIALIZED_AUTOS = YES;
				GCC_WARN_UNUSED_VARIABLE = YES;
				IPHONEOS_DEPLOYMENT_TARGET = 6.1;
				ONLY_ACTIVE_ARCH = YES;
				SDKROOT = iphoneos;
			};
			name = Debug;
		};
		8B7116C5194980B600702EB9 /* Release */ = {
			isa = XCBuildConfiguration;
			buildSettings = {
				ALWAYS_SEARCH_USER_PATHS = NO;
				CLANG_CXX_LANGUAGE_STANDARD = "gnu++0x";
				CLANG_CXX_LIBRARY = "libc++";
				CLANG_WARN_CONSTANT_CONVERSION = YES;
				CLANG_WARN_EMPTY_BODY = YES;
				CLANG_WARN_ENUM_CONVERSION = YES;
				CLANG_WARN_INT_CONVERSION = YES;
				CLANG_WARN__DUPLICATE_METHOD_MATCH = YES;
				"CODE_SIGN_IDENTITY[sdk=iphoneos*]" = "iPhone Developer";
				COPY_PHASE_STRIP = YES;
				GCC_C_LANGUAGE_STANDARD = gnu99;
				GCC_WARN_ABOUT_RETURN_TYPE = YES;
				GCC_WARN_UNINITIALIZED_AUTOS = YES;
				GCC_WARN_UNUSED_VARIABLE = YES;
				IPHONEOS_DEPLOYMENT_TARGET = 6.1;
				OTHER_CFLAGS = "-DNS_BLOCK_ASSERTIONS=1";
				SDKROOT = iphoneos;
				VALIDATE_PRODUCT = YES;
			};
			name = Release;
		};
		8B7116C7194980B600702EB9 /* Debug */ = {
			isa = XCBuildConfiguration;
			buildSettings = {
				GCC_PRECOMPILE_PREFIX_HEADER = YES;
				GCC_PREFIX_HEADER = "MapKit/MapKit-Prefix.pch";
				INFOPLIST_FILE = "MapKit/MapKit-Info.plist";
				PRODUCT_NAME = "$(TARGET_NAME)";
				WRAPPER_EXTENSION = app;
			};
			name = Debug;
		};
		8B7116C8194980B600702EB9 /* Release */ = {
			isa = XCBuildConfiguration;
			buildSettings = {
				GCC_PRECOMPILE_PREFIX_HEADER = YES;
				GCC_PREFIX_HEADER = "MapKit/MapKit-Prefix.pch";
				INFOPLIST_FILE = "MapKit/MapKit-Info.plist";
				PRODUCT_NAME = "$(TARGET_NAME)";
				WRAPPER_EXTENSION = app;
			};
			name = Release;
		};
/* End XCBuildConfiguration section */

/* Begin XCConfigurationList section */
		8B71169E194980B600702EB9 /* Build configuration list for PBXProject "MapKit" */ = {
			isa = XCConfigurationList;
			buildConfigurations = (
				8B7116C4194980B600702EB9 /* Debug */,
				8B7116C5194980B600702EB9 /* Release */,
			);
			defaultConfigurationIsVisible = 0;
			defaultConfigurationName = Release;
		};
		8B7116C6194980B600702EB9 /* Build configuration list for PBXNativeTarget "MapKit" */ = {
			isa = XCConfigurationList;
			buildConfigurations = (
				8B7116C7194980B600702EB9 /* Debug */,
				8B7116C8194980B600702EB9 /* Release */,
			);
			defaultConfigurationIsVisible = 0;
		};
/* End XCConfigurationList section */
	};
	rootObject = 8B71169B194980B600702EB9 /* Project object */;
}
