// !$*UTF8*$!
{
	archiveVersion = 1;
	classes = {
	};
	objectVersion = 46;
	objects = {

/* Begin PBXBuildFile section */
		8B789D7E1948665500B65DE9 /* UIKit.framework in Frameworks */ = {isa = PBXBuildFile; fileRef = 8B789D7D1948665500B65DE9 /* UIKit.framework */; };
		8B789D801948665500B65DE9 /* Foundation.framework in Frameworks */ = {isa = PBXBuildFile; fileRef = 8B789D7F1948665500B65DE9 /* Foundation.framework */; };
		8B789D821948665500B65DE9 /* CoreGraphics.framework in Frameworks */ = {isa = PBXBuildFile; fileRef = 8B789D811948665500B65DE9 /* CoreGraphics.framework */; };
		8B789D881948665500B65DE9 /* InfoPlist.strings in Resources */ = {isa = PBXBuildFile; fileRef = 8B789D861948665500B65DE9 /* InfoPlist.strings */; };
		8B789D8A1948665500B65DE9 /* main.m in Sources */ = {isa = PBXBuildFile; fileRef = 8B789D891948665500B65DE9 /* main.m */; };
		8B789D8E1948665500B65DE9 /* NewTableAppDelegate.m in Sources */ = {isa = PBXBuildFile; fileRef = 8B789D8D1948665500B65DE9 /* NewTableAppDelegate.m */; };
		8B789D901948665500B65DE9 /* Default.png in Resources */ = {isa = PBXBuildFile; fileRef = 8B789D8F1948665500B65DE9 /* Default.png */; };
		8B789D921948665500B65DE9 /* Default@2x.png in Resources */ = {isa = PBXBuildFile; fileRef = 8B789D911948665500B65DE9 /* Default@2x.png */; };
		8B789D941948665500B65DE9 /* Default-568h@2x.png in Resources */ = {isa = PBXBuildFile; fileRef = 8B789D931948665500B65DE9 /* Default-568h@2x.png */; };
		8B789D971948665500B65DE9 /* NewTableViewController.m in Sources */ = {isa = PBXBuildFile; fileRef = 8B789D961948665500B65DE9 /* NewTableViewController.m */; };
		8B789D9A1948665500B65DE9 /* NewTableViewController.xib in Resources */ = {isa = PBXBuildFile; fileRef = 8B789D981948665500B65DE9 /* NewTableViewController.xib */; };
/* End PBXBuildFile section */

/* Begin PBXFileReference section */
		8B789D7A1948665500B65DE9 /* NewTable.app */ = {isa = PBXFileReference; explicitFileType = wrapper.application; includeInIndex = 0; path = NewTable.app; sourceTree = BUILT_PRODUCTS_DIR; };
		8B789D7D1948665500B65DE9 /* UIKit.framework */ = {isa = PBXFileReference; lastKnownFileType = wrapper.framework; name = UIKit.framework; path = System/Library/Frameworks/UIKit.framework; sourceTree = SDKROOT; };
		8B789D7F1948665500B65DE9 /* Foundation.framework */ = {isa = PBXFileReference; lastKnownFileType = wrapper.framework; name = Foundation.framework; path = System/Library/Frameworks/Foundation.framework; sourceTree = SDKROOT; };
		8B789D811948665500B65DE9 /* CoreGraphics.framework */ = {isa = PBXFileReference; lastKnownFileType = wrapper.framework; name = CoreGraphics.framework; path = System/Library/Frameworks/CoreGraphics.framework; sourceTree = SDKROOT; };
		8B789D851948665500B65DE9 /* NewTable-Info.plist */ = {isa = PBXFileReference; lastKnownFileType = text.plist.xml; path = "NewTable-Info.plist"; sourceTree = "<group>"; };
		8B789D871948665500B65DE9 /* en */ = {isa = PBXFileReference; lastKnownFileType = text.plist.strings; name = en; path = en.lproj/InfoPlist.strings; sourceTree = "<group>"; };
		8B789D891948665500B65DE9 /* main.m */ = {isa = PBXFileReference; lastKnownFileType = sourcecode.c.objc; path = main.m; sourceTree = "<group>"; };
		8B789D8B1948665500B65DE9 /* NewTable-Prefix.pch */ = {isa = PBXFileReference; lastKnownFileType = sourcecode.c.h; path = "NewTable-Prefix.pch"; sourceTree = "<group>"; };
		8B789D8C1948665500B65DE9 /* NewTableAppDelegate.h */ = {isa = PBXFileReference; lastKnownFileType = sourcecode.c.h; path = NewTableAppDelegate.h; sourceTree = "<group>"; };
		8B789D8D1948665500B65DE9 /* NewTableAppDelegate.m */ = {isa = PBXFileReference; lastKnownFileType = sourcecode.c.objc; path = NewTableAppDelegate.m; sourceTree = "<group>"; };
		8B789D8F1948665500B65DE9 /* Default.png */ = {isa = PBXFileReference; lastKnownFileType = image.png; path = Default.png; sourceTree = "<group>"; };
		8B789D911948665500B65DE9 /* Default@2x.png */ = {isa = PBXFileReference; lastKnownFileType = image.png; path = "Default@2x.png"; sourceTree = "<group>"; };
		8B789D931948665500B65DE9 /* Default-568h@2x.png */ = {isa = PBXFileReference; lastKnownFileType = image.png; path = "Default-568h@2x.png"; sourceTree = "<group>"; };
		8B789D951948665500B65DE9 /* NewTableViewController.h */ = {isa = PBXFileReference; lastKnownFileType = sourcecode.c.h; path = NewTableViewController.h; sourceTree = "<group>"; };
		8B789D961948665500B65DE9 /* NewTableViewController.m */ = {isa = PBXFileReference; lastKnownFileType = sourcecode.c.objc; path = NewTableViewController.m; sourceTree = "<group>"; };
		8B789D991948665500B65DE9 /* en */ = {isa = PBXFileReference; lastKnownFileType = file.xib; name = en; path = en.lproj/NewTableViewController.xib; sourceTree = "<group>"; };
/* End PBXFileReference section */

/* Begin PBXFrameworksBuildPhase section */
		8B789D771948665500B65DE9 /* Frameworks */ = {
			isa = PBXFrameworksBuildPhase;
			buildActionMask = 2147483647;
			files = (
				8B789D7E1948665500B65DE9 /* UIKit.framework in Frameworks */,
				8B789D801948665500B65DE9 /* Foundation.framework in Frameworks */,
				8B789D821948665500B65DE9 /* CoreGraphics.framework in Frameworks */,
			);
			runOnlyForDeploymentPostprocessing = 0;
		};
/* End PBXFrameworksBuildPhase section */

/* Begin PBXGroup section */
		8B789D711948665500B65DE9 = {
			isa = PBXGroup;
			children = (
				8B789D831948665500B65DE9 /* NewTable */,
				8B789D7C1948665500B65DE9 /* Frameworks */,
				8B789D7B1948665500B65DE9 /* Products */,
			);
			sourceTree = "<group>";
		};
		8B789D7B1948665500B65DE9 /* Products */ = {
			isa = PBXGroup;
			children = (
				8B789D7A1948665500B65DE9 /* NewTable.app */,
			);
			name = Products;
			sourceTree = "<group>";
		};
		8B789D7C1948665500B65DE9 /* Frameworks */ = {
			isa = PBXGroup;
			children = (
				8B789D7D1948665500B65DE9 /* UIKit.framework */,
				8B789D7F1948665500B65DE9 /* Foundation.framework */,
				8B789D811948665500B65DE9 /* CoreGraphics.framework */,
			);
			name = Frameworks;
			sourceTree = "<group>";
		};
		8B789D831948665500B65DE9 /* NewTable */ = {
			isa = PBXGroup;
			children = (
				8B789D8C1948665500B65DE9 /* NewTableAppDelegate.h */,
				8B789D8D1948665500B65DE9 /* NewTableAppDelegate.m */,
				8B789D951948665500B65DE9 /* NewTableViewController.h */,
				8B789D961948665500B65DE9 /* NewTableViewController.m */,
				8B789D981948665500B65DE9 /* NewTableViewController.xib */,
				8B789D841948665500B65DE9 /* Supporting Files */,
			);
			path = NewTable;
			sourceTree = "<group>";
		};
		8B789D841948665500B65DE9 /* Supporting Files */ = {
			isa = PBXGroup;
			children = (
				8B789D851948665500B65DE9 /* NewTable-Info.plist */,
				8B789D861948665500B65DE9 /* InfoPlist.strings */,
				8B789D891948665500B65DE9 /* main.m */,
				8B789D8B1948665500B65DE9 /* NewTable-Prefix.pch */,
				8B789D8F1948665500B65DE9 /* Default.png */,
				8B789D911948665500B65DE9 /* Default@2x.png */,
				8B789D931948665500B65DE9 /* Default-568h@2x.png */,
			);
			name = "Supporting Files";
			sourceTree = "<group>";
		};
/* End PBXGroup section */

/* Begin PBXNativeTarget section */
		8B789D791948665500B65DE9 /* NewTable */ = {
			isa = PBXNativeTarget;
			buildConfigurationList = 8B789D9D1948665500B65DE9 /* Build configuration list for PBXNativeTarget "NewTable" */;
			buildPhases = (
				8B789D761948665500B65DE9 /* Sources */,
				8B789D771948665500B65DE9 /* Frameworks */,
				8B789D781948665500B65DE9 /* Resources */,
			);
			buildRules = (
			);
			dependencies = (
			);
			name = NewTable;
			productName = NewTable;
			productReference = 8B789D7A1948665500B65DE9 /* NewTable.app */;
			productType = "com.apple.product-type.application";
		};
/* End PBXNativeTarget section */

/* Begin PBXProject section */
		8B789D721948665500B65DE9 /* Project object */ = {
			isa = PBXProject;
			attributes = {
				CLASSPREFIX = NewTable;
				LastUpgradeCheck = 0460;
				ORGANIZATIONNAME = Developer;
			};
			buildConfigurationList = 8B789D751948665500B65DE9 /* Build configuration list for PBXProject "NewTable" */;
			compatibilityVersion = "Xcode 3.2";
			developmentRegion = English;
			hasScannedForEncodings = 0;
			knownRegions = (
				en,
			);
			mainGroup = 8B789D711948665500B65DE9;
			productRefGroup = 8B789D7B1948665500B65DE9 /* Products */;
			projectDirPath = "";
			projectRoot = "";
			targets = (
				8B789D791948665500B65DE9 /* NewTable */,
			);
		};
/* End PBXProject section */

/* Begin PBXResourcesBuildPhase section */
		8B789D781948665500B65DE9 /* Resources */ = {
			isa = PBXResourcesBuildPhase;
			buildActionMask = 2147483647;
			files = (
				8B789D881948665500B65DE9 /* InfoPlist.strings in Resources */,
				8B789D901948665500B65DE9 /* Default.png in Resources */,
				8B789D921948665500B65DE9 /* Default@2x.png in Resources */,
				8B789D941948665500B65DE9 /* Default-568h@2x.png in Resources */,
				8B789D9A1948665500B65DE9 /* NewTableViewController.xib in Resources */,
			);
			runOnlyForDeploymentPostprocessing = 0;
		};
/* End PBXResourcesBuildPhase section */

/* Begin PBXSourcesBuildPhase section */
		8B789D761948665500B65DE9 /* Sources */ = {
			isa = PBXSourcesBuildPhase;
			buildActionMask = 2147483647;
			files = (
				8B789D8A1948665500B65DE9 /* main.m in Sources */,
				8B789D8E1948665500B65DE9 /* NewTableAppDelegate.m in Sources */,
				8B789D971948665500B65DE9 /* NewTableViewController.m in Sources */,
			);
			runOnlyForDeploymentPostprocessing = 0;
		};
/* End PBXSourcesBuildPhase section */

/* Begin PBXVariantGroup section */
		8B789D861948665500B65DE9 /* InfoPlist.strings */ = {
			isa = PBXVariantGroup;
			children = (
				8B789D871948665500B65DE9 /* en */,
			);
			name = InfoPlist.strings;
			sourceTree = "<group>";
		};
		8B789D981948665500B65DE9 /* NewTableViewController.xib */ = {
			isa = PBXVariantGroup;
			children = (
				8B789D991948665500B65DE9 /* en */,
			);
			name = NewTableViewController.xib;
			sourceTree = "<group>";
		};
/* End PBXVariantGroup section */

/* Begin XCBuildConfiguration section */
		8B789D9B1948665500B65DE9 /* Debug */ = {
			isa = XCBuildConfiguration;
			buildSettings = {
				ALWAYS_SEARCH_USER_PATHS = NO;
				CLANG_CXX_LANGUAGE_STANDARD = "gnu++0x";
				CLANG_CXX_LIBRARY = "libc++";
				CLANG_WARN_CONSTANT_CONVERSION = YES;
				CLANG_WARN_EMPTY_BODY = YES;
				CLANG_WARN_ENUM_CONVERSION = YES;
				CLANG_WARN_INT_CONVERSION = YES;
				CLANG_WARN__DUPLICATE_METHOD_MATCH = YES;
				"CODE_SIGN_IDENTITY[sdk=iphoneos*]" = "iPhone Developer";
				COPY_PHASE_STRIP = NO;
				GCC_C_LANGUAGE_STANDARD = gnu99;
				GCC_DYNAMIC_NO_PIC = NO;
				GCC_OPTIMIZATION_LEVEL = 0;
				GCC_PREPROCESSOR_DEFINITIONS = (
					"DEBUG=1",
					"$(inherited)",
				);
				GCC_SYMBOLS_PRIVATE_EXTERN = NO;
				GCC_WARN_ABOUT_RETURN_TYPE = YES;
				GCC_WARN_UNINITIALIZED_AUTOS = YES;
				GCC_WARN_UNUSED_VARIABLE = YES;
				IPHONEOS_DEPLOYMENT_TARGET = 6.1;
				ONLY_ACTIVE_ARCH = YES;
				SDKROOT = iphoneos;
			};
			name = Debug;
		};
		8B789D9C1948665500B65DE9 /* Release */ = {
			isa = XCBuildConfiguration;
			buildSettings = {
				ALWAYS_SEARCH_USER_PATHS = NO;
				CLANG_CXX_LANGUAGE_STANDARD = "gnu++0x";
				CLANG_CXX_LIBRARY = "libc++";
				CLANG_WARN_CONSTANT_CONVERSION = YES;
				CLANG_WARN_EMPTY_BODY = YES;
				CLANG_WARN_ENUM_CONVERSION = YES;
				CLANG_WARN_INT_CONVERSION = YES;
				CLANG_WARN__DUPLICATE_METHOD_MATCH = YES;
				"CODE_SIGN_IDENTITY[sdk=iphoneos*]" = "iPhone Developer";
				COPY_PHASE_STRIP = YES;
				GCC_C_LANGUAGE_STANDARD = gnu99;
				GCC_WARN_ABOUT_RETURN_TYPE = YES;
				GCC_WARN_UNINITIALIZED_AUTOS = YES;
				GCC_WARN_UNUSED_VARIABLE = YES;
				IPHONEOS_DEPLOYMENT_TARGET = 6.1;
				OTHER_CFLAGS = "-DNS_BLOCK_ASSERTIONS=1";
				SDKROOT = iphoneos;
				VALIDATE_PRODUCT = YES;
			};
			name = Release;
		};
		8B789D9E1948665500B65DE9 /* Debug */ = {
			isa = XCBuildConfiguration;
			buildSettings = {
				GCC_PRECOMPILE_PREFIX_HEADER = YES;
				GCC_PREFIX_HEADER = "NewTable/NewTable-Prefix.pch";
				INFOPLIST_FILE = "NewTable/NewTable-Info.plist";
				PRODUCT_NAME = "$(TARGET_NAME)";
				WRAPPER_EXTENSION = app;
			};
			name = Debug;
		};
		8B789D9F1948665500B65DE9 /* Release */ = {
			isa = XCBuildConfiguration;
			buildSettings = {
				GCC_PRECOMPILE_PREFIX_HEADER = YES;
				GCC_PREFIX_HEADER = "NewTable/NewTable-Prefix.pch";
				INFOPLIST_FILE = "NewTable/NewTable-Info.plist";
				PRODUCT_NAME = "$(TARGET_NAME)";
				WRAPPER_EXTENSION = app;
			};
			name = Release;
		};
/* End XCBuildConfiguration section */

/* Begin XCConfigurationList section */
		8B789D751948665500B65DE9 /* Build configuration list for PBXProject "NewTable" */ = {
			isa = XCConfigurationList;
			buildConfigurations = (
				8B789D9B1948665500B65DE9 /* Debug */,
				8B789D9C1948665500B65DE9 /* Release */,
			);
			defaultConfigurationIsVisible = 0;
			defaultConfigurationName = Release;
		};
		8B789D9D1948665500B65DE9 /* Build configuration list for PBXNativeTarget "NewTable" */ = {
			isa = XCConfigurationList;
			buildConfigurations = (
				8B789D9E1948665500B65DE9 /* Debug */,
				8B789D9F1948665500B65DE9 /* Release */,
			);
			defaultConfigurationIsVisible = 0;
		};
/* End XCConfigurationList section */
	};
	rootObject = 8B789D721948665500B65DE9 /* Project object */;
}
