// !$*UTF8*$!
{
	archiveVersion = 1;
	classes = {
	};
	objectVersion = 46;
	objects = {

/* Begin PBXBuildFile section */
		8B789D6A194863D600B65DE9 /* SecondViewController.m in Sources */ = {isa = PBXBuildFile; fileRef = 8B789D68194863D600B65DE9 /* SecondViewController.m */; };
		8B789D6B194863D600B65DE9 /* SecondViewController.xib in Resources */ = {isa = PBXBuildFile; fileRef = 8B789D69194863D600B65DE9 /* SecondViewController.xib */; };
		8B789D6F1948648E00B65DE9 /* ThirdViewController.m in Sources */ = {isa = PBXBuildFile; fileRef = 8B789D6D1948648D00B65DE9 /* ThirdViewController.m */; };
		8B789D701948648E00B65DE9 /* ThirdViewController.xib in Resources */ = {isa = PBXBuildFile; fileRef = 8B789D6E1948648E00B65DE9 /* ThirdViewController.xib */; };
		8BD613571948467200FEFB8A /* UIKit.framework in Frameworks */ = {isa = PBXBuildFile; fileRef = 8BD613561948467200FEFB8A /* UIKit.framework */; };
		8BD613591948467200FEFB8A /* Foundation.framework in Frameworks */ = {isa = PBXBuildFile; fileRef = 8BD613581948467200FEFB8A /* Foundation.framework */; };
		8BD6135B1948467200FEFB8A /* CoreGraphics.framework in Frameworks */ = {isa = PBXBuildFile; fileRef = 8BD6135A1948467200FEFB8A /* CoreGraphics.framework */; };
		8BD613611948467200FEFB8A /* InfoPlist.strings in Resources */ = {isa = PBXBuildFile; fileRef = 8BD6135F1948467200FEFB8A /* InfoPlist.strings */; };
		8BD613631948467200FEFB8A /* main.m in Sources */ = {isa = PBXBuildFile; fileRef = 8BD613621948467200FEFB8A /* main.m */; };
		8BD613671948467200FEFB8A /* TableViewAppDelegate.m in Sources */ = {isa = PBXBuildFile; fileRef = 8BD613661948467200FEFB8A /* TableViewAppDelegate.m */; };
		8BD613691948467200FEFB8A /* Default.png in Resources */ = {isa = PBXBuildFile; fileRef = 8BD613681948467200FEFB8A /* Default.png */; };
		8BD6136B1948467200FEFB8A /* Default@2x.png in Resources */ = {isa = PBXBuildFile; fileRef = 8BD6136A1948467200FEFB8A /* Default@2x.png */; };
		8BD6136D1948467200FEFB8A /* Default-568h@2x.png in Resources */ = {isa = PBXBuildFile; fileRef = 8BD6136C1948467200FEFB8A /* Default-568h@2x.png */; };
		8BD613701948467200FEFB8A /* TableViewViewController.m in Sources */ = {isa = PBXBuildFile; fileRef = 8BD6136F1948467200FEFB8A /* TableViewViewController.m */; };
		8BD613731948467200FEFB8A /* TableViewViewController.xib in Resources */ = {isa = PBXBuildFile; fileRef = 8BD613711948467200FEFB8A /* TableViewViewController.xib */; };
/* End PBXBuildFile section */

/* Begin PBXFileReference section */
		8B789D67194863D600B65DE9 /* SecondViewController.h */ = {isa = PBXFileReference; fileEncoding = 4; lastKnownFileType = sourcecode.c.h; path = SecondViewController.h; sourceTree = "<group>"; };
		8B789D68194863D600B65DE9 /* SecondViewController.m */ = {isa = PBXFileReference; fileEncoding = 4; lastKnownFileType = sourcecode.c.objc; path = SecondViewController.m; sourceTree = "<group>"; };
		8B789D69194863D600B65DE9 /* SecondViewController.xib */ = {isa = PBXFileReference; fileEncoding = 4; lastKnownFileType = file.xib; path = SecondViewController.xib; sourceTree = "<group>"; };
		8B789D6C1948648D00B65DE9 /* ThirdViewController.h */ = {isa = PBXFileReference; fileEncoding = 4; lastKnownFileType = sourcecode.c.h; path = ThirdViewController.h; sourceTree = "<group>"; };
		8B789D6D1948648D00B65DE9 /* ThirdViewController.m */ = {isa = PBXFileReference; fileEncoding = 4; lastKnownFileType = sourcecode.c.objc; path = ThirdViewController.m; sourceTree = "<group>"; };
		8B789D6E1948648E00B65DE9 /* ThirdViewController.xib */ = {isa = PBXFileReference; fileEncoding = 4; lastKnownFileType = file.xib; path = ThirdViewController.xib; sourceTree = "<group>"; };
		8BD613531948467200FEFB8A /* TableView.app */ = {isa = PBXFileReference; explicitFileType = wrapper.application; includeInIndex = 0; path = TableView.app; sourceTree = BUILT_PRODUCTS_DIR; };
		8BD613561948467200FEFB8A /* UIKit.framework */ = {isa = PBXFileReference; lastKnownFileType = wrapper.framework; name = UIKit.framework; path = System/Library/Frameworks/UIKit.framework; sourceTree = SDKROOT; };
		8BD613581948467200FEFB8A /* Foundation.framework */ = {isa = PBXFileReference; lastKnownFileType = wrapper.framework; name = Foundation.framework; path = System/Library/Frameworks/Foundation.framework; sourceTree = SDKROOT; };
		8BD6135A1948467200FEFB8A /* CoreGraphics.framework */ = {isa = PBXFileReference; lastKnownFileType = wrapper.framework; name = CoreGraphics.framework; path = System/Library/Frameworks/CoreGraphics.framework; sourceTree = SDKROOT; };
		8BD6135E1948467200FEFB8A /* TableView-Info.plist */ = {isa = PBXFileReference; lastKnownFileType = text.plist.xml; path = "TableView-Info.plist"; sourceTree = "<group>"; };
		8BD613601948467200FEFB8A /* en */ = {isa = PBXFileReference; lastKnownFileType = text.plist.strings; name = en; path = en.lproj/InfoPlist.strings; sourceTree = "<group>"; };
		8BD613621948467200FEFB8A /* main.m */ = {isa = PBXFileReference; lastKnownFileType = sourcecode.c.objc; path = main.m; sourceTree = "<group>"; };
		8BD613641948467200FEFB8A /* TableView-Prefix.pch */ = {isa = PBXFileReference; lastKnownFileType = sourcecode.c.h; path = "TableView-Prefix.pch"; sourceTree = "<group>"; };
		8BD613651948467200FEFB8A /* TableViewAppDelegate.h */ = {isa = PBXFileReference; lastKnownFileType = sourcecode.c.h; path = TableViewAppDelegate.h; sourceTree = "<group>"; };
		8BD613661948467200FEFB8A /* TableViewAppDelegate.m */ = {isa = PBXFileReference; lastKnownFileType = sourcecode.c.objc; path = TableViewAppDelegate.m; sourceTree = "<group>"; };
		8BD613681948467200FEFB8A /* Default.png */ = {isa = PBXFileReference; lastKnownFileType = image.png; path = Default.png; sourceTree = "<group>"; };
		8BD6136A1948467200FEFB8A /* Default@2x.png */ = {isa = PBXFileReference; lastKnownFileType = image.png; path = "Default@2x.png"; sourceTree = "<group>"; };
		8BD6136C1948467200FEFB8A /* Default-568h@2x.png */ = {isa = PBXFileReference; lastKnownFileType = image.png; path = "Default-568h@2x.png"; sourceTree = "<group>"; };
		8BD6136E1948467200FEFB8A /* TableViewViewController.h */ = {isa = PBXFileReference; lastKnownFileType = sourcecode.c.h; path = TableViewViewController.h; sourceTree = "<group>"; };
		8BD6136F1948467200FEFB8A /* TableViewViewController.m */ = {isa = PBXFileReference; lastKnownFileType = sourcecode.c.objc; path = TableViewViewController.m; sourceTree = "<group>"; };
		8BD613721948467200FEFB8A /* en */ = {isa = PBXFileReference; lastKnownFileType = file.xib; name = en; path = en.lproj/TableViewViewController.xib; sourceTree = "<group>"; };
/* End PBXFileReference section */

/* Begin PBXFrameworksBuildPhase section */
		8BD613501948467200FEFB8A /* Frameworks */ = {
			isa = PBXFrameworksBuildPhase;
			buildActionMask = 2147483647;
			files = (
				8BD613571948467200FEFB8A /* UIKit.framework in Frameworks */,
				8BD613591948467200FEFB8A /* Foundation.framework in Frameworks */,
				8BD6135B1948467200FEFB8A /* CoreGraphics.framework in Frameworks */,
			);
			runOnlyForDeploymentPostprocessing = 0;
		};
/* End PBXFrameworksBuildPhase section */

/* Begin PBXGroup section */
		8BD6134A1948467200FEFB8A = {
			isa = PBXGroup;
			children = (
				8BD6135C1948467200FEFB8A /* TableView */,
				8BD613551948467200FEFB8A /* Frameworks */,
				8BD613541948467200FEFB8A /* Products */,
			);
			sourceTree = "<group>";
		};
		8BD613541948467200FEFB8A /* Products */ = {
			isa = PBXGroup;
			children = (
				8BD613531948467200FEFB8A /* TableView.app */,
			);
			name = Products;
			sourceTree = "<group>";
		};
		8BD613551948467200FEFB8A /* Frameworks */ = {
			isa = PBXGroup;
			children = (
				8BD613561948467200FEFB8A /* UIKit.framework */,
				8BD613581948467200FEFB8A /* Foundation.framework */,
				8BD6135A1948467200FEFB8A /* CoreGraphics.framework */,
			);
			name = Frameworks;
			sourceTree = "<group>";
		};
		8BD6135C1948467200FEFB8A /* TableView */ = {
			isa = PBXGroup;
			children = (
				8BD613651948467200FEFB8A /* TableViewAppDelegate.h */,
				8BD613661948467200FEFB8A /* TableViewAppDelegate.m */,
				8BD6136E1948467200FEFB8A /* TableViewViewController.h */,
				8BD6136F1948467200FEFB8A /* TableViewViewController.m */,
				8B789D6C1948648D00B65DE9 /* ThirdViewController.h */,
				8B789D6D1948648D00B65DE9 /* ThirdViewController.m */,
				8B789D6E1948648E00B65DE9 /* ThirdViewController.xib */,
				8BD613711948467200FEFB8A /* TableViewViewController.xib */,
				8B789D67194863D600B65DE9 /* SecondViewController.h */,
				8B789D68194863D600B65DE9 /* SecondViewController.m */,
				8B789D69194863D600B65DE9 /* SecondViewController.xib */,
				8BD6135D1948467200FEFB8A /* Supporting Files */,
			);
			path = TableView;
			sourceTree = "<group>";
		};
		8BD6135D1948467200FEFB8A /* Supporting Files */ = {
			isa = PBXGroup;
			children = (
				8BD6135E1948467200FEFB8A /* TableView-Info.plist */,
				8BD6135F1948467200FEFB8A /* InfoPlist.strings */,
				8BD613621948467200FEFB8A /* main.m */,
				8BD613641948467200FEFB8A /* TableView-Prefix.pch */,
				8BD613681948467200FEFB8A /* Default.png */,
				8BD6136A1948467200FEFB8A /* Default@2x.png */,
				8BD6136C1948467200FEFB8A /* Default-568h@2x.png */,
			);
			name = "Supporting Files";
			sourceTree = "<group>";
		};
/* End PBXGroup section */

/* Begin PBXNativeTarget section */
		8BD613521948467200FEFB8A /* TableView */ = {
			isa = PBXNativeTarget;
			buildConfigurationList = 8BD613761948467200FEFB8A /* Build configuration list for PBXNativeTarget "TableView" */;
			buildPhases = (
				8BD6134F1948467200FEFB8A /* Sources */,
				8BD613501948467200FEFB8A /* Frameworks */,
				8BD613511948467200FEFB8A /* Resources */,
			);
			buildRules = (
			);
			dependencies = (
			);
			name = TableView;
			productName = TableView;
			productReference = 8BD613531948467200FEFB8A /* TableView.app */;
			productType = "com.apple.product-type.application";
		};
/* End PBXNativeTarget section */

/* Begin PBXProject section */
		8BD6134B1948467200FEFB8A /* Project object */ = {
			isa = PBXProject;
			attributes = {
				CLASSPREFIX = TableView;
				LastUpgradeCheck = 0460;
				ORGANIZATIONNAME = Developer;
			};
			buildConfigurationList = 8BD6134E1948467200FEFB8A /* Build configuration list for PBXProject "TableView" */;
			compatibilityVersion = "Xcode 3.2";
			developmentRegion = English;
			hasScannedForEncodings = 0;
			knownRegions = (
				en,
			);
			mainGroup = 8BD6134A1948467200FEFB8A;
			productRefGroup = 8BD613541948467200FEFB8A /* Products */;
			projectDirPath = "";
			projectRoot = "";
			targets = (
				8BD613521948467200FEFB8A /* TableView */,
			);
		};
/* End PBXProject section */

/* Begin PBXResourcesBuildPhase section */
		8BD613511948467200FEFB8A /* Resources */ = {
			isa = PBXResourcesBuildPhase;
			buildActionMask = 2147483647;
			files = (
				8BD613611948467200FEFB8A /* InfoPlist.strings in Resources */,
				8BD613691948467200FEFB8A /* Default.png in Resources */,
				8BD6136B1948467200FEFB8A /* Default@2x.png in Resources */,
				8BD6136D1948467200FEFB8A /* Default-568h@2x.png in Resources */,
				8BD613731948467200FEFB8A /* TableViewViewController.xib in Resources */,
				8B789D6B194863D600B65DE9 /* SecondViewController.xib in Resources */,
				8B789D701948648E00B65DE9 /* ThirdViewController.xib in Resources */,
			);
			runOnlyForDeploymentPostprocessing = 0;
		};
/* End PBXResourcesBuildPhase section */

/* Begin PBXSourcesBuildPhase section */
		8BD6134F1948467200FEFB8A /* Sources */ = {
			isa = PBXSourcesBuildPhase;
			buildActionMask = 2147483647;
			files = (
				8BD613631948467200FEFB8A /* main.m in Sources */,
				8BD613671948467200FEFB8A /* TableViewAppDelegate.m in Sources */,
				8BD613701948467200FEFB8A /* TableViewViewController.m in Sources */,
				8B789D6A194863D600B65DE9 /* SecondViewController.m in Sources */,
				8B789D6F1948648E00B65DE9 /* ThirdViewController.m in Sources */,
			);
			runOnlyForDeploymentPostprocessing = 0;
		};
/* End PBXSourcesBuildPhase section */

/* Begin PBXVariantGroup section */
		8BD6135F1948467200FEFB8A /* InfoPlist.strings */ = {
			isa = PBXVariantGroup;
			children = (
				8BD613601948467200FEFB8A /* en */,
			);
			name = InfoPlist.strings;
			sourceTree = "<group>";
		};
		8BD613711948467200FEFB8A /* TableViewViewController.xib */ = {
			isa = PBXVariantGroup;
			children = (
				8BD613721948467200FEFB8A /* en */,
			);
			name = TableViewViewController.xib;
			sourceTree = "<group>";
		};
/* End PBXVariantGroup section */

/* Begin XCBuildConfiguration section */
		8BD613741948467200FEFB8A /* Debug */ = {
			isa = XCBuildConfiguration;
			buildSettings = {
				ALWAYS_SEARCH_USER_PATHS = NO;
				CLANG_CXX_LANGUAGE_STANDARD = "gnu++0x";
				CLANG_CXX_LIBRARY = "libc++";
				CLANG_WARN_CONSTANT_CONVERSION = YES;
				CLANG_WARN_EMPTY_BODY = YES;
				CLANG_WARN_ENUM_CONVERSION = YES;
				CLANG_WARN_INT_CONVERSION = YES;
				CLANG_WARN__DUPLICATE_METHOD_MATCH = YES;
				"CODE_SIGN_IDENTITY[sdk=iphoneos*]" = "iPhone Developer";
				COPY_PHASE_STRIP = NO;
				GCC_C_LANGUAGE_STANDARD = gnu99;
				GCC_DYNAMIC_NO_PIC = NO;
				GCC_OPTIMIZATION_LEVEL = 0;
				GCC_PREPROCESSOR_DEFINITIONS = (
					"DEBUG=1",
					"$(inherited)",
				);
				GCC_SYMBOLS_PRIVATE_EXTERN = NO;
				GCC_WARN_ABOUT_RETURN_TYPE = YES;
				GCC_WARN_UNINITIALIZED_AUTOS = YES;
				GCC_WARN_UNUSED_VARIABLE = YES;
				IPHONEOS_DEPLOYMENT_TARGET = 6.1;
				ONLY_ACTIVE_ARCH = YES;
				SDKROOT = iphoneos;
			};
			name = Debug;
		};
		8BD613751948467200FEFB8A /* Release */ = {
			isa = XCBuildConfiguration;
			buildSettings = {
				ALWAYS_SEARCH_USER_PATHS = NO;
				CLANG_CXX_LANGUAGE_STANDARD = "gnu++0x";
				CLANG_CXX_LIBRARY = "libc++";
				CLANG_WARN_CONSTANT_CONVERSION = YES;
				CLANG_WARN_EMPTY_BODY = YES;
				CLANG_WARN_ENUM_CONVERSION = YES;
				CLANG_WARN_INT_CONVERSION = YES;
				CLANG_WARN__DUPLICATE_METHOD_MATCH = YES;
				"CODE_SIGN_IDENTITY[sdk=iphoneos*]" = "iPhone Developer";
				COPY_PHASE_STRIP = YES;
				GCC_C_LANGUAGE_STANDARD = gnu99;
				GCC_WARN_ABOUT_RETURN_TYPE = YES;
				GCC_WARN_UNINITIALIZED_AUTOS = YES;
				GCC_WARN_UNUSED_VARIABLE = YES;
				IPHONEOS_DEPLOYMENT_TARGET = 6.1;
				OTHER_CFLAGS = "-DNS_BLOCK_ASSERTIONS=1";
				SDKROOT = iphoneos;
				VALIDATE_PRODUCT = YES;
			};
			name = Release;
		};
		8BD613771948467200FEFB8A /* Debug */ = {
			isa = XCBuildConfiguration;
			buildSettings = {
				GCC_PRECOMPILE_PREFIX_HEADER = YES;
				GCC_PREFIX_HEADER = "TableView/TableView-Prefix.pch";
				INFOPLIST_FILE = "TableView/TableView-Info.plist";
				PRODUCT_NAME = "$(TARGET_NAME)";
				WRAPPER_EXTENSION = app;
			};
			name = Debug;
		};
		8BD613781948467200FEFB8A /* Release */ = {
			isa = XCBuildConfiguration;
			buildSettings = {
				GCC_PRECOMPILE_PREFIX_HEADER = YES;
				GCC_PREFIX_HEADER = "TableView/TableView-Prefix.pch";
				INFOPLIST_FILE = "TableView/TableView-Info.plist";
				PRODUCT_NAME = "$(TARGET_NAME)";
				WRAPPER_EXTENSION = app;
			};
			name = Release;
		};
/* End XCBuildConfiguration section */

/* Begin XCConfigurationList section */
		8BD6134E1948467200FEFB8A /* Build configuration list for PBXProject "TableView" */ = {
			isa = XCConfigurationList;
			buildConfigurations = (
				8BD613741948467200FEFB8A /* Debug */,
				8BD613751948467200FEFB8A /* Release */,
			);
			defaultConfigurationIsVisible = 0;
			defaultConfigurationName = Release;
		};
		8BD613761948467200FEFB8A /* Build configuration list for PBXNativeTarget "TableView" */ = {
			isa = XCConfigurationList;
			buildConfigurations = (
				8BD613771948467200FEFB8A /* Debug */,
				8BD613781948467200FEFB8A /* Release */,
			);
			defaultConfigurationIsVisible = 0;
			defaultConfigurationName = Release;
		};
/* End XCConfigurationList section */
	};
	rootObject = 8BD6134B1948467200FEFB8A /* Project object */;
}
