// !$*UTF8*$!
{
	archiveVersion = 1;
	classes = {
	};
	objectVersion = 46;
	objects = {

/* Begin PBXBuildFile section */
		8BE1068F194C563500876E75 /* UIKit.framework in Frameworks */ = {isa = PBXBuildFile; fileRef = 8BE1068E194C563500876E75 /* UIKit.framework */; };
		8BE10691194C563500876E75 /* Foundation.framework in Frameworks */ = {isa = PBXBuildFile; fileRef = 8BE10690194C563500876E75 /* Foundation.framework */; };
		8BE10693194C563500876E75 /* CoreGraphics.framework in Frameworks */ = {isa = PBXBuildFile; fileRef = 8BE10692194C563500876E75 /* CoreGraphics.framework */; };
		8BE10699194C563500876E75 /* InfoPlist.strings in Resources */ = {isa = PBXBuildFile; fileRef = 8BE10697194C563500876E75 /* InfoPlist.strings */; };
		8BE1069B194C563500876E75 /* main.m in Sources */ = {isa = PBXBuildFile; fileRef = 8BE1069A194C563500876E75 /* main.m */; };
		8BE1069F194C563500876E75 /* Task3TableViewJsonAppDelegate.m in Sources */ = {isa = PBXBuildFile; fileRef = 8BE1069E194C563500876E75 /* Task3TableViewJsonAppDelegate.m */; };
		8BE106A1194C563500876E75 /* Default.png in Resources */ = {isa = PBXBuildFile; fileRef = 8BE106A0194C563500876E75 /* Default.png */; };
		8BE106A3194C563500876E75 /* Default@2x.png in Resources */ = {isa = PBXBuildFile; fileRef = 8BE106A2194C563500876E75 /* Default@2x.png */; };
		8BE106A5194C563500876E75 /* Default-568h@2x.png in Resources */ = {isa = PBXBuildFile; fileRef = 8BE106A4194C563500876E75 /* Default-568h@2x.png */; };
		8BE106A8194C563500876E75 /* Task3TableViewJsonViewController.m in Sources */ = {isa = PBXBuildFile; fileRef = 8BE106A7194C563500876E75 /* Task3TableViewJsonViewController.m */; };
		8BE106AB194C563500876E75 /* Task3TableViewJsonViewController.xib in Resources */ = {isa = PBXBuildFile; fileRef = 8BE106A9194C563500876E75 /* Task3TableViewJsonViewController.xib */; };
/* End PBXBuildFile section */

/* Begin PBXFileReference section */
		8BE1068B194C563500876E75 /* Task3TableViewJson.app */ = {isa = PBXFileReference; explicitFileType = wrapper.application; includeInIndex = 0; path = Task3TableViewJson.app; sourceTree = BUILT_PRODUCTS_DIR; };
		8BE1068E194C563500876E75 /* UIKit.framework */ = {isa = PBXFileReference; lastKnownFileType = wrapper.framework; name = UIKit.framework; path = System/Library/Frameworks/UIKit.framework; sourceTree = SDKROOT; };
		8BE10690194C563500876E75 /* Foundation.framework */ = {isa = PBXFileReference; lastKnownFileType = wrapper.framework; name = Foundation.framework; path = System/Library/Frameworks/Foundation.framework; sourceTree = SDKROOT; };
		8BE10692194C563500876E75 /* CoreGraphics.framework */ = {isa = PBXFileReference; lastKnownFileType = wrapper.framework; name = CoreGraphics.framework; path = System/Library/Frameworks/CoreGraphics.framework; sourceTree = SDKROOT; };
		8BE10696194C563500876E75 /* Task3TableViewJson-Info.plist */ = {isa = PBXFileReference; lastKnownFileType = text.plist.xml; path = "Task3TableViewJson-Info.plist"; sourceTree = "<group>"; };
		8BE10698194C563500876E75 /* en */ = {isa = PBXFileReference; lastKnownFileType = text.plist.strings; name = en; path = en.lproj/InfoPlist.strings; sourceTree = "<group>"; };
		8BE1069A194C563500876E75 /* main.m */ = {isa = PBXFileReference; lastKnownFileType = sourcecode.c.objc; path = main.m; sourceTree = "<group>"; };
		8BE1069C194C563500876E75 /* Task3TableViewJson-Prefix.pch */ = {isa = PBXFileReference; lastKnownFileType = sourcecode.c.h; path = "Task3TableViewJson-Prefix.pch"; sourceTree = "<group>"; };
		8BE1069D194C563500876E75 /* Task3TableViewJsonAppDelegate.h */ = {isa = PBXFileReference; lastKnownFileType = sourcecode.c.h; path = Task3TableViewJsonAppDelegate.h; sourceTree = "<group>"; };
		8BE1069E194C563500876E75 /* Task3TableViewJsonAppDelegate.m */ = {isa = PBXFileReference; lastKnownFileType = sourcecode.c.objc; path = Task3TableViewJsonAppDelegate.m; sourceTree = "<group>"; };
		8BE106A0194C563500876E75 /* Default.png */ = {isa = PBXFileReference; lastKnownFileType = image.png; path = Default.png; sourceTree = "<group>"; };
		8BE106A2194C563500876E75 /* Default@2x.png */ = {isa = PBXFileReference; lastKnownFileType = image.png; path = "Default@2x.png"; sourceTree = "<group>"; };
		8BE106A4194C563500876E75 /* Default-568h@2x.png */ = {isa = PBXFileReference; lastKnownFileType = image.png; path = "Default-568h@2x.png"; sourceTree = "<group>"; };
		8BE106A6194C563500876E75 /* Task3TableViewJsonViewController.h */ = {isa = PBXFileReference; lastKnownFileType = sourcecode.c.h; path = Task3TableViewJsonViewController.h; sourceTree = "<group>"; };
		8BE106A7194C563500876E75 /* Task3TableViewJsonViewController.m */ = {isa = PBXFileReference; lastKnownFileType = sourcecode.c.objc; path = Task3TableViewJsonViewController.m; sourceTree = "<group>"; };
		8BE106AA194C563500876E75 /* en */ = {isa = PBXFileReference; lastKnownFileType = file.xib; name = en; path = en.lproj/Task3TableViewJsonViewController.xib; sourceTree = "<group>"; };
/* End PBXFileReference section */

/* Begin PBXFrameworksBuildPhase section */
		8BE10688194C563500876E75 /* Frameworks */ = {
			isa = PBXFrameworksBuildPhase;
			buildActionMask = 2147483647;
			files = (
				8BE1068F194C563500876E75 /* UIKit.framework in Frameworks */,
				8BE10691194C563500876E75 /* Foundation.framework in Frameworks */,
				8BE10693194C563500876E75 /* CoreGraphics.framework in Frameworks */,
			);
			runOnlyForDeploymentPostprocessing = 0;
		};
/* End PBXFrameworksBuildPhase section */

/* Begin PBXGroup section */
		8BE10682194C563500876E75 = {
			isa = PBXGroup;
			children = (
				8BE10694194C563500876E75 /* Task3TableViewJson */,
				8BE1068D194C563500876E75 /* Frameworks */,
				8BE1068C194C563500876E75 /* Products */,
			);
			sourceTree = "<group>";
		};
		8BE1068C194C563500876E75 /* Products */ = {
			isa = PBXGroup;
			children = (
				8BE1068B194C563500876E75 /* Task3TableViewJson.app */,
			);
			name = Products;
			sourceTree = "<group>";
		};
		8BE1068D194C563500876E75 /* Frameworks */ = {
			isa = PBXGroup;
			children = (
				8BE1068E194C563500876E75 /* UIKit.framework */,
				8BE10690194C563500876E75 /* Foundation.framework */,
				8BE10692194C563500876E75 /* CoreGraphics.framework */,
			);
			name = Frameworks;
			sourceTree = "<group>";
		};
		8BE10694194C563500876E75 /* Task3TableViewJson */ = {
			isa = PBXGroup;
			children = (
				8BE1069D194C563500876E75 /* Task3TableViewJsonAppDelegate.h */,
				8BE1069E194C563500876E75 /* Task3TableViewJsonAppDelegate.m */,
				8BE106A6194C563500876E75 /* Task3TableViewJsonViewController.h */,
				8BE106A7194C563500876E75 /* Task3TableViewJsonViewController.m */,
				8BE106A9194C563500876E75 /* Task3TableViewJsonViewController.xib */,
				8BE10695194C563500876E75 /* Supporting Files */,
			);
			path = Task3TableViewJson;
			sourceTree = "<group>";
		};
		8BE10695194C563500876E75 /* Supporting Files */ = {
			isa = PBXGroup;
			children = (
				8BE10696194C563500876E75 /* Task3TableViewJson-Info.plist */,
				8BE10697194C563500876E75 /* InfoPlist.strings */,
				8BE1069A194C563500876E75 /* main.m */,
				8BE1069C194C563500876E75 /* Task3TableViewJson-Prefix.pch */,
				8BE106A0194C563500876E75 /* Default.png */,
				8BE106A2194C563500876E75 /* Default@2x.png */,
				8BE106A4194C563500876E75 /* Default-568h@2x.png */,
			);
			name = "Supporting Files";
			sourceTree = "<group>";
		};
/* End PBXGroup section */

/* Begin PBXNativeTarget section */
		8BE1068A194C563500876E75 /* Task3TableViewJson */ = {
			isa = PBXNativeTarget;
			buildConfigurationList = 8BE106AE194C563500876E75 /* Build configuration list for PBXNativeTarget "Task3TableViewJson" */;
			buildPhases = (
				8BE10687194C563500876E75 /* Sources */,
				8BE10688194C563500876E75 /* Frameworks */,
				8BE10689194C563500876E75 /* Resources */,
			);
			buildRules = (
			);
			dependencies = (
			);
			name = Task3TableViewJson;
			productName = Task3TableViewJson;
			productReference = 8BE1068B194C563500876E75 /* Task3TableViewJson.app */;
			productType = "com.apple.product-type.application";
		};
/* End PBXNativeTarget section */

/* Begin PBXProject section */
		8BE10683194C563500876E75 /* Project object */ = {
			isa = PBXProject;
			attributes = {
				CLASSPREFIX = Task3TableViewJson;
				LastUpgradeCheck = 0460;
				ORGANIZATIONNAME = Developer;
			};
			buildConfigurationList = 8BE10686194C563500876E75 /* Build configuration list for PBXProject "Task3TableViewJson" */;
			compatibilityVersion = "Xcode 3.2";
			developmentRegion = English;
			hasScannedForEncodings = 0;
			knownRegions = (
				en,
			);
			mainGroup = 8BE10682194C563500876E75;
			productRefGroup = 8BE1068C194C563500876E75 /* Products */;
			projectDirPath = "";
			projectRoot = "";
			targets = (
				8BE1068A194C563500876E75 /* Task3TableViewJson */,
			);
		};
/* End PBXProject section */

/* Begin PBXResourcesBuildPhase section */
		8BE10689194C563500876E75 /* Resources */ = {
			isa = PBXResourcesBuildPhase;
			buildActionMask = 2147483647;
			files = (
				8BE10699194C563500876E75 /* InfoPlist.strings in Resources */,
				8BE106A1194C563500876E75 /* Default.png in Resources */,
				8BE106A3194C563500876E75 /* Default@2x.png in Resources */,
				8BE106A5194C563500876E75 /* Default-568h@2x.png in Resources */,
				8BE106AB194C563500876E75 /* Task3TableViewJsonViewController.xib in Resources */,
			);
			runOnlyForDeploymentPostprocessing = 0;
		};
/* End PBXResourcesBuildPhase section */

/* Begin PBXSourcesBuildPhase section */
		8BE10687194C563500876E75 /* Sources */ = {
			isa = PBXSourcesBuildPhase;
			buildActionMask = 2147483647;
			files = (
				8BE1069B194C563500876E75 /* main.m in Sources */,
				8BE1069F194C563500876E75 /* Task3TableViewJsonAppDelegate.m in Sources */,
				8BE106A8194C563500876E75 /* Task3TableViewJsonViewController.m in Sources */,
			);
			runOnlyForDeploymentPostprocessing = 0;
		};
/* End PBXSourcesBuildPhase section */

/* Begin PBXVariantGroup section */
		8BE10697194C563500876E75 /* InfoPlist.strings */ = {
			isa = PBXVariantGroup;
			children = (
				8BE10698194C563500876E75 /* en */,
			);
			name = InfoPlist.strings;
			sourceTree = "<group>";
		};
		8BE106A9194C563500876E75 /* Task3TableViewJsonViewController.xib */ = {
			isa = PBXVariantGroup;
			children = (
				8BE106AA194C563500876E75 /* en */,
			);
			name = Task3TableViewJsonViewController.xib;
			sourceTree = "<group>";
		};
/* End PBXVariantGroup section */

/* Begin XCBuildConfiguration section */
		8BE106AC194C563500876E75 /* Debug */ = {
			isa = XCBuildConfiguration;
			buildSettings = {
				ALWAYS_SEARCH_USER_PATHS = NO;
				CLANG_CXX_LANGUAGE_STANDARD = "gnu++0x";
				CLANG_CXX_LIBRARY = "libc++";
				CLANG_WARN_CONSTANT_CONVERSION = YES;
				CLANG_WARN_EMPTY_BODY = YES;
				CLANG_WARN_ENUM_CONVERSION = YES;
				CLANG_WARN_INT_CONVERSION = YES;
				CLANG_WARN__DUPLICATE_METHOD_MATCH = YES;
				"CODE_SIGN_IDENTITY[sdk=iphoneos*]" = "iPhone Developer";
				COPY_PHASE_STRIP = NO;
				GCC_C_LANGUAGE_STANDARD = gnu99;
				GCC_DYNAMIC_NO_PIC = NO;
				GCC_OPTIMIZATION_LEVEL = 0;
				GCC_PREPROCESSOR_DEFINITIONS = (
					"DEBUG=1",
					"$(inherited)",
				);
				GCC_SYMBOLS_PRIVATE_EXTERN = NO;
				GCC_WARN_ABOUT_RETURN_TYPE = YES;
				GCC_WARN_UNINITIALIZED_AUTOS = YES;
				GCC_WARN_UNUSED_VARIABLE = YES;
				IPHONEOS_DEPLOYMENT_TARGET = 6.1;
				ONLY_ACTIVE_ARCH = YES;
				SDKROOT = iphoneos;
			};
			name = Debug;
		};
		8BE106AD194C563500876E75 /* Release */ = {
			isa = XCBuildConfiguration;
			buildSettings = {
				ALWAYS_SEARCH_USER_PATHS = NO;
				CLANG_CXX_LANGUAGE_STANDARD = "gnu++0x";
				CLANG_CXX_LIBRARY = "libc++";
				CLANG_WARN_CONSTANT_CONVERSION = YES;
				CLANG_WARN_EMPTY_BODY = YES;
				CLANG_WARN_ENUM_CONVERSION = YES;
				CLANG_WARN_INT_CONVERSION = YES;
				CLANG_WARN__DUPLICATE_METHOD_MATCH = YES;
				"CODE_SIGN_IDENTITY[sdk=iphoneos*]" = "iPhone Developer";
				COPY_PHASE_STRIP = YES;
				GCC_C_LANGUAGE_STANDARD = gnu99;
				GCC_WARN_ABOUT_RETURN_TYPE = YES;
				GCC_WARN_UNINITIALIZED_AUTOS = YES;
				GCC_WARN_UNUSED_VARIABLE = YES;
				IPHONEOS_DEPLOYMENT_TARGET = 6.1;
				OTHER_CFLAGS = "-DNS_BLOCK_ASSERTIONS=1";
				SDKROOT = iphoneos;
				VALIDATE_PRODUCT = YES;
			};
			name = Release;
		};
		8BE106AF194C563500876E75 /* Debug */ = {
			isa = XCBuildConfiguration;
			buildSettings = {
				GCC_PRECOMPILE_PREFIX_HEADER = YES;
				GCC_PREFIX_HEADER = "Task3TableViewJson/Task3TableViewJson-Prefix.pch";
				INFOPLIST_FILE = "Task3TableViewJson/Task3TableViewJson-Info.plist";
				PRODUCT_NAME = "$(TARGET_NAME)";
				WRAPPER_EXTENSION = app;
			};
			name = Debug;
		};
		8BE106B0194C563500876E75 /* Release */ = {
			isa = XCBuildConfiguration;
			buildSettings = {
				GCC_PRECOMPILE_PREFIX_HEADER = YES;
				GCC_PREFIX_HEADER = "Task3TableViewJson/Task3TableViewJson-Prefix.pch";
				INFOPLIST_FILE = "Task3TableViewJson/Task3TableViewJson-Info.plist";
				PRODUCT_NAME = "$(TARGET_NAME)";
				WRAPPER_EXTENSION = app;
			};
			name = Release;
		};
/* End XCBuildConfiguration section */

/* Begin XCConfigurationList section */
		8BE10686194C563500876E75 /* Build configuration list for PBXProject "Task3TableViewJson" */ = {
			isa = XCConfigurationList;
			buildConfigurations = (
				8BE106AC194C563500876E75 /* Debug */,
				8BE106AD194C563500876E75 /* Release */,
			);
			defaultConfigurationIsVisible = 0;
			defaultConfigurationName = Release;
		};
		8BE106AE194C563500876E75 /* Build configuration list for PBXNativeTarget "Task3TableViewJson" */ = {
			isa = XCConfigurationList;
			buildConfigurations = (
				8BE106AF194C563500876E75 /* Debug */,
				8BE106B0194C563500876E75 /* Release */,
			);
			defaultConfigurationIsVisible = 0;
		};
/* End XCConfigurationList section */
	};
	rootObject = 8BE10683194C563500876E75 /* Project object */;
}
